// !$*UTF8*$!
{
	archiveVersion = 1;
	classes = {
	};
	objectVersion = 46;
	objects = {

/* Begin PBXBuildFile section */
		0E19A4D41E232FA8009DAF9A /* NSNumber+ZWUtility.m in Sources */ = {isa = PBXBuildFile; fileRef = 0E19A4D31E232FA8009DAF9A /* NSNumber+ZWUtility.m */; };
		0E19A4D91E237D35009DAF9A /* DelegateManager+Delegate.m in Sources */ = {isa = PBXBuildFile; fileRef = 0E19A4D81E237D35009DAF9A /* DelegateManager+Delegate.m */; };
		0E1F9F9E1DD2D86E00FA84EA /* NJKWebViewProgress.m in Sources */ = {isa = PBXBuildFile; fileRef = 0E1F9F9B1DD2D86E00FA84EA /* NJKWebViewProgress.m */; };
		0E1F9F9F1DD2D86E00FA84EA /* NJKWebViewProgressView.m in Sources */ = {isa = PBXBuildFile; fileRef = 0E1F9F9D1DD2D86E00FA84EA /* NJKWebViewProgressView.m */; };
		0E2329311DADE07B007E9886 /* BrowserTopToolBar.m in Sources */ = {isa = PBXBuildFile; fileRef = 0E2329301DADE07B007E9886 /* BrowserTopToolBar.m */; };
		0E2329341DAE19BB007E9886 /* TopToolBarShapeView.m in Sources */ = {isa = PBXBuildFile; fileRef = 0E2329331DAE19BB007E9886 /* TopToolBarShapeView.m */; };
		0E2C539F1DAA24970077B9B4 /* BrowserContainerView.m in Sources */ = {isa = PBXBuildFile; fileRef = 0E2C539E1DAA24970077B9B4 /* BrowserContainerView.m */; };
		0E2C53A31DAA314C0077B9B4 /* UIView+ZWUtility.m in Sources */ = {isa = PBXBuildFile; fileRef = 0E2C53A21DAA314C0077B9B4 /* UIView+ZWUtility.m */; };
		0E2CC0171E0988AE0078EB91 /* UIColor+ZWUtility.m in Sources */ = {isa = PBXBuildFile; fileRef = 0E2CC0161E0988AE0078EB91 /* UIColor+ZWUtility.m */; };
		0E2E41841E55906600A23142 /* WebServer.m in Sources */ = {isa = PBXBuildFile; fileRef = 0E2E41831E55906600A23142 /* WebServer.m */; };
		0E2E41861E5590D300A23142 /* GCDWebServers.framework in Frameworks */ = {isa = PBXBuildFile; fileRef = 0E2E41851E5590D300A23142 /* GCDWebServers.framework */; };
		0E32E2FB1E08C69E00CFBBB5 /* CardCollectionViewCell.m in Sources */ = {isa = PBXBuildFile; fileRef = 0E32E2FA1E08C69E00CFBBB5 /* CardCollectionViewCell.m */; };
		0E32E2FF1E08C8F600CFBBB5 /* CardCollectionViewLayout.m in Sources */ = {isa = PBXBuildFile; fileRef = 0E32E2FE1E08C8F600CFBBB5 /* CardCollectionViewLayout.m */; };
		0E32E3071E08D4FB00CFBBB5 /* CardMainView.m in Sources */ = {isa = PBXBuildFile; fileRef = 0E32E3061E08D4FB00CFBBB5 /* CardMainView.m */; };
		0E39F9AA1E14C8AA007B5681 /* SearchInputView.m in Sources */ = {isa = PBXBuildFile; fileRef = 0E39F9A91E14C8AA007B5681 /* SearchInputView.m */; };
		0E3A4F301E7A22A7006FA3F8 /* SessionRestoreHelper.m in Sources */ = {isa = PBXBuildFile; fileRef = 0E3A4F2F1E7A22A7006FA3F8 /* SessionRestoreHelper.m */; };
		0E3A6B731E11102C00071397 /* SettingsCollectionViewCell.m in Sources */ = {isa = PBXBuildFile; fileRef = 0E3A6B721E11102C00071397 /* SettingsCollectionViewCell.m */; };
		0E3D2B711E24836700364B69 /* NSFileManager+ZWUtility.m in Sources */ = {isa = PBXBuildFile; fileRef = 0E3D2B701E24836700364B69 /* NSFileManager+ZWUtility.m */; };
		0E3D2B741E248D5E00364B69 /* SettingsTableViewController.m in Sources */ = {isa = PBXBuildFile; fileRef = 0E3D2B731E248D5E00364B69 /* SettingsTableViewController.m */; };
		0E3D2B771E24CD3000364B69 /* UIImage+ZWUtility.m in Sources */ = {isa = PBXBuildFile; fileRef = 0E3D2B761E24CD3000364B69 /* UIImage+ZWUtility.m */; };
		0E48FB011DA3FD4B00B8FCDB /* BrowserWebView.m in Sources */ = {isa = PBXBuildFile; fileRef = 0E48FB001DA3FD4B00B8FCDB /* BrowserWebView.m */; settings = {COMPILER_FLAGS = "-fno-objc-arc"; }; };
		0E5000511E0B6D60004BA658 /* CardMainBottomView.m in Sources */ = {isa = PBXBuildFile; fileRef = 0E5000501E0B6D60004BA658 /* CardMainBottomView.m */; };
		0E512D431E6675ED008A8AFA /* CardBrowserCollectionViewLayout.m in Sources */ = {isa = PBXBuildFile; fileRef = 0E512D421E6675ED008A8AFA /* CardBrowserCollectionViewLayout.m */; };
		0E512D461E66BCA9008A8AFA /* CardBrowserFlatLayout.m in Sources */ = {isa = PBXBuildFile; fileRef = 0E512D451E66BCA9008A8AFA /* CardBrowserFlatLayout.m */; };
		0E5988A51E2F8070003259C0 /* SettingActivityTableViewCell.m in Sources */ = {isa = PBXBuildFile; fileRef = 0E5988A31E2F8070003259C0 /* SettingActivityTableViewCell.m */; };
		0E5988A61E2F8070003259C0 /* SettingActivityTableViewCell.xib in Resources */ = {isa = PBXBuildFile; fileRef = 0E5988A41E2F8070003259C0 /* SettingActivityTableViewCell.xib */; };
		0E5CC9DA1E7922AE0049ABEB /* SessionRestore.html in Resources */ = {isa = PBXBuildFile; fileRef = 0E5CC9D91E7922AE0049ABEB /* SessionRestore.html */; };
		0E5CC9DE1E79305E0049ABEB /* SessionData.m in Sources */ = {isa = PBXBuildFile; fileRef = 0E5CC9DD1E79305E0049ABEB /* SessionData.m */; };
		0E5CC9E11E794D890049ABEB /* WebViewHistoryItem.m in Sources */ = {isa = PBXBuildFile; fileRef = 0E5CC9E01E794D880049ABEB /* WebViewHistoryItem.m */; };
		0E5CC9E41E794FFD0049ABEB /* WebViewBackForwardList.m in Sources */ = {isa = PBXBuildFile; fileRef = 0E5CC9E31E794FFD0049ABEB /* WebViewBackForwardList.m */; };
		0E681F2A1D4AEC3F003534F5 /* main.m in Sources */ = {isa = PBXBuildFile; fileRef = 0E681F291D4AEC3F003534F5 /* main.m */; };
		0E681F2D1D4AEC3F003534F5 /* AppDelegate.m in Sources */ = {isa = PBXBuildFile; fileRef = 0E681F2C1D4AEC3F003534F5 /* AppDelegate.m */; };
		0E681F381D4AEC3F003534F5 /* LaunchScreen.storyboard in Resources */ = {isa = PBXBuildFile; fileRef = 0E681F361D4AEC3F003534F5 /* LaunchScreen.storyboard */; };
		0E681F431D4AEC3F003534F5 /* WebBrowserTests.m in Sources */ = {isa = PBXBuildFile; fileRef = 0E681F421D4AEC3F003534F5 /* WebBrowserTests.m */; };
		0E681F4E1D4AEC3F003534F5 /* WebBrowserUITests.m in Sources */ = {isa = PBXBuildFile; fileRef = 0E681F4D1D4AEC3F003534F5 /* WebBrowserUITests.m */; };
		0E681F661D4AFEAA003534F5 /* KeyboardHelper.m in Sources */ = {isa = PBXBuildFile; fileRef = 0E681F651D4AFEAA003534F5 /* KeyboardHelper.m */; };
		0E681F691D4B34EB003534F5 /* MenuHelper.m in Sources */ = {isa = PBXBuildFile; fileRef = 0E681F681D4B34EB003534F5 /* MenuHelper.m */; };
		0E6A292B1E83C1D1002142B1 /* NSCharacterSet+ZWUtility.m in Sources */ = {isa = PBXBuildFile; fileRef = 0E6A292A1E83C1D1002142B1 /* NSCharacterSet+ZWUtility.m */; };
		0E70784C1E18A89500A91048 /* DelegateManager.m in Sources */ = {isa = PBXBuildFile; fileRef = 0E70784B1E18A89500A91048 /* DelegateManager.m */; };
		0E7438311E58885A00641889 /* NSURL+ZWUtility.m in Sources */ = {isa = PBXBuildFile; fileRef = 0E7438301E58885A00641889 /* NSURL+ZWUtility.m */; };
		0E7438341E588C3B00641889 /* ErrorPageHelper.m in Sources */ = {isa = PBXBuildFile; fileRef = 0E7438331E588C3B00641889 /* ErrorPageHelper.m */; };
		0E7795931E20F8C800CE86BE /* SearchTableViewCell.m in Sources */ = {isa = PBXBuildFile; fileRef = 0E7795911E20F8C800CE86BE /* SearchTableViewCell.m */; };
		0E7795941E20F8C900CE86BE /* SearchTableViewCell.xib in Resources */ = {isa = PBXBuildFile; fileRef = 0E7795921E20F8C800CE86BE /* SearchTableViewCell.xib */; };
		0E7795971E21042300CE86BE /* NSString+ZWUtility.m in Sources */ = {isa = PBXBuildFile; fileRef = 0E7795961E21042300CE86BE /* NSString+ZWUtility.m */; };
		0E829CD71E12075B008FF0A8 /* SearchViewController.m in Sources */ = {isa = PBXBuildFile; fileRef = 0E829CD61E12075B008FF0A8 /* SearchViewController.m */; };
		0E831A0F1E87DBCD00FB3576 /* NSURLCache+ZWUtility.m in Sources */ = {isa = PBXBuildFile; fileRef = 0E831A0E1E87DBCD00FB3576 /* NSURLCache+ZWUtility.m */; };
		0E8EE8311E11123600B6DADF /* SettingsViewController.m in Sources */ = {isa = PBXBuildFile; fileRef = 0E8EE8301E11123600B6DADF /* SettingsViewController.m */; };
		0E8EE8351E11277100B6DADF /* SettingAnimator.m in Sources */ = {isa = PBXBuildFile; fileRef = 0E8EE8341E11277100B6DADF /* SettingAnimator.m */; };
		0E9836B61E82CC9B0044BEA9 /* ContextMenu.js in Resources */ = {isa = PBXBuildFile; fileRef = 0E9836B51E82CC9B0044BEA9 /* ContextMenu.js */; };
		0E986A0B1D4CA6C10003900D /* BrowserViewController.m in Sources */ = {isa = PBXBuildFile; fileRef = 0E986A0A1D4CA6C10003900D /* BrowserViewController.m */; };
		0E986A0F1D4D06170003900D /* TabManager.m in Sources */ = {isa = PBXBuildFile; fileRef = 0E986A0E1D4D06170003900D /* TabManager.m */; };
		0EA7DEE31DB0ABD8005C592E /* BaseViewController.m in Sources */ = {isa = PBXBuildFile; fileRef = 0EA7DEE21DB0ABD8005C592E /* BaseViewController.m */; };
		0EAA18B91DD35D5D0072F9B3 /* WebKit.framework in Frameworks */ = {isa = PBXBuildFile; fileRef = 0EAA18B81DD35D5D0072F9B3 /* WebKit.framework */; };
		0EB636641E5B30E8000BD2D6 /* CFNetwork.framework in Frameworks */ = {isa = PBXBuildFile; fileRef = 0EB636631E5B30E8000BD2D6 /* CFNetwork.framework */; };
		0EBDC6241E1DDEC100B6A4DB /* SearchInputView.xib in Resources */ = {isa = PBXBuildFile; fileRef = 0EBDC6231E1DDEC100B6A4DB /* SearchInputView.xib */; };
		0EBDC6271E1DE49700B6A4DB /* CharacterSelectView.m in Sources */ = {isa = PBXBuildFile; fileRef = 0EBDC6261E1DE49700B6A4DB /* CharacterSelectView.m */; };
		0EBF3A651DCF33ED00CD77C8 /* CocoaLumberjack.framework in Frameworks */ = {isa = PBXBuildFile; fileRef = 0EBF3A631DCF33ED00CD77C8 /* CocoaLumberjack.framework */; };
		0EBF3A661DCF33ED00CD77C8 /* MBProgressHUD.framework in Frameworks */ = {isa = PBXBuildFile; fileRef = 0EBF3A641DCF33ED00CD77C8 /* MBProgressHUD.framework */; };
		0EBF3A6A1DCF38D600CD77C8 /* BrowserBottomToolBar.m in Sources */ = {isa = PBXBuildFile; fileRef = 0EBF3A691DCF38D600CD77C8 /* BrowserBottomToolBar.m */; };
		0EBFFE731E5299A500404199 /* JavaScriptHelper.m in Sources */ = {isa = PBXBuildFile; fileRef = 0EBFFE721E5299A500404199 /* JavaScriptHelper.m */; };
		0EBFFE761E52AA7500404199 /* PreferenceHelper.m in Sources */ = {isa = PBXBuildFile; fileRef = 0EBFFE751E52AA7500404199 /* PreferenceHelper.m */; };
		0EBFFE7A1E52B22C00404199 /* SettingSwitchTableViewCell.m in Sources */ = {isa = PBXBuildFile; fileRef = 0EBFFE781E52B22C00404199 /* SettingSwitchTableViewCell.m */; };
		0EBFFE7B1E52B22C00404199 /* SettingSwitchTableViewCell.xib in Resources */ = {isa = PBXBuildFile; fileRef = 0EBFFE791E52B22C00404199 /* SettingSwitchTableViewCell.xib */; };
		0EC14F501E31B97900A44D05 /* FMDatabase.m in Sources */ = {isa = PBXBuildFile; fileRef = 0EC14F461E31B97900A44D05 /* FMDatabase.m */; };
		0EC14F511E31B97900A44D05 /* FMDatabaseAdditions.m in Sources */ = {isa = PBXBuildFile; fileRef = 0EC14F481E31B97900A44D05 /* FMDatabaseAdditions.m */; };
		0EC14F521E31B97900A44D05 /* FMDatabasePool.m in Sources */ = {isa = PBXBuildFile; fileRef = 0EC14F4A1E31B97900A44D05 /* FMDatabasePool.m */; };
		0EC14F531E31B97900A44D05 /* FMDatabaseQueue.m in Sources */ = {isa = PBXBuildFile; fileRef = 0EC14F4C1E31B97900A44D05 /* FMDatabaseQueue.m */; };
		0EC14F541E31B97900A44D05 /* FMResultSet.m in Sources */ = {isa = PBXBuildFile; fileRef = 0EC14F4F1E31B97900A44D05 /* FMResultSet.m */; };
		0EC14F561E31B9B300A44D05 /* libsqlite3.tbd in Frameworks */ = {isa = PBXBuildFile; fileRef = 0EC14F551E31B9B300A44D05 /* libsqlite3.tbd */; };
		0EC14F5B1E31BB0800A44D05 /* HistoryTableViewController.m in Sources */ = {isa = PBXBuildFile; fileRef = 0EC14F5A1E31BB0800A44D05 /* HistoryTableViewController.m */; };
		0ECA02891E5AE45900955887 /* NetError.html in Resources */ = {isa = PBXBuildFile; fileRef = 0ECA02881E5AE45900955887 /* NetError.html */; };
		0ECA028C1E5AE46A00955887 /* NetError.css in Resources */ = {isa = PBXBuildFile; fileRef = 0ECA028B1E5AE46A00955887 /* NetError.css */; };
		0ECA029F1E5AFFF900955887 /* libz.tbd in Frameworks */ = {isa = PBXBuildFile; fileRef = 0ECA029E1E5AFFF900955887 /* libz.tbd */; };
		0ECA02A11E5B000000955887 /* libxml2.2.tbd in Frameworks */ = {isa = PBXBuildFile; fileRef = 0ECA02A01E5B000000955887 /* libxml2.2.tbd */; };
		0ED35E8C1E40B56F0060A367 /* DelegateManager+WebViewDelegate.m in Sources */ = {isa = PBXBuildFile; fileRef = 0ED35E8B1E40B56F0060A367 /* DelegateManager+WebViewDelegate.m */; };
		0EDD68E51DACFBF400265744 /* Assets.xcassets in Resources */ = {isa = PBXBuildFile; fileRef = 0EDD68E41DACFBF400265744 /* Assets.xcassets */; };
		0EED28311DC1A32100EC8581 /* ZWUtility.m in Sources */ = {isa = PBXBuildFile; fileRef = 0EED28301DC1A32100EC8581 /* ZWUtility.m */; };
		0EF025651DD951EB0011019F /* HTTPClient.m in Sources */ = {isa = PBXBuildFile; fileRef = 0EF025601DD951EB0011019F /* HTTPClient.m */; };
		0EF025661DD951EB0011019F /* HTTPManager.m in Sources */ = {isa = PBXBuildFile; fileRef = 0EF025621DD951EB0011019F /* HTTPManager.m */; };
		0EF025671DD951EB0011019F /* HTTPURLConfiguration.m in Sources */ = {isa = PBXBuildFile; fileRef = 0EF025641DD951EB0011019F /* HTTPURLConfiguration.m */; };
		0EF0256A1DD9554F0011019F /* HTTPClient+SearchSug.m in Sources */ = {isa = PBXBuildFile; fileRef = 0EF025691DD9554F0011019F /* HTTPClient+SearchSug.m */; };
		0EF0256C1DD9578F0011019F /* AFNetworking.framework in Frameworks */ = {isa = PBXBuildFile; fileRef = 0EF0256B1DD9578F0011019F /* AFNetworking.framework */; };
		0EF025701DD957EC0011019F /* BaseResponseModel.m in Sources */ = {isa = PBXBuildFile; fileRef = 0EF0256F1DD957EC0011019F /* BaseResponseModel.m */; };
		0EF025721DD95B1E0011019F /* Mantle.framework in Frameworks */ = {isa = PBXBuildFile; fileRef = 0EF025711DD95B1E0011019F /* Mantle.framework */; };
		0EF025751DD99FAC0011019F /* BaiduSugResponseModel.m in Sources */ = {isa = PBXBuildFile; fileRef = 0EF025741DD99FAC0011019F /* BaiduSugResponseModel.m */; };
		0EFCB9DE1E4F62A60094C466 /* NoImageModeHelper.js in Resources */ = {isa = PBXBuildFile; fileRef = 0EFCB9DD1E4F62A60094C466 /* NoImageModeHelper.js */; };
		0EFDD3081DD423AC002AB3FB /* HttpHelper.m in Sources */ = {isa = PBXBuildFile; fileRef = 0EFDD3071DD423AC002AB3FB /* HttpHelper.m */; };
		0EFDD30A1DD42861002AB3FB /* AVFoundation.framework in Frameworks */ = {isa = PBXBuildFile; fileRef = 0EFDD3091DD42861002AB3FB /* AVFoundation.framework */; };
		0EFDD30C1DD42868002AB3FB /* AudioToolbox.framework in Frameworks */ = {isa = PBXBuildFile; fileRef = 0EFDD30B1DD42868002AB3FB /* AudioToolbox.framework */; };
		0EFDD30E1DD45764002AB3FB /* StoreKit.framework in Frameworks */ = {isa = PBXBuildFile; fileRef = 0EFDD30D1DD45764002AB3FB /* StoreKit.framework */; };
/* End PBXBuildFile section */

/* Begin PBXContainerItemProxy section */
		0E681F3F1D4AEC3F003534F5 /* PBXContainerItemProxy */ = {
			isa = PBXContainerItemProxy;
			containerPortal = 0E681F1D1D4AEC3F003534F5 /* Project object */;
			proxyType = 1;
			remoteGlobalIDString = 0E681F241D4AEC3F003534F5;
			remoteInfo = WebBrowser;
		};
		0E681F4A1D4AEC3F003534F5 /* PBXContainerItemProxy */ = {
			isa = PBXContainerItemProxy;
			containerPortal = 0E681F1D1D4AEC3F003534F5 /* Project object */;
			proxyType = 1;
			remoteGlobalIDString = 0E681F241D4AEC3F003534F5;
			remoteInfo = WebBrowser;
		};
/* End PBXContainerItemProxy section */

/* Begin PBXFileReference section */
		0E19A4D21E232FA8009DAF9A /* NSNumber+ZWUtility.h */ = {isa = PBXFileReference; fileEncoding = 4; lastKnownFileType = sourcecode.c.h; path = "NSNumber+ZWUtility.h"; sourceTree = "<group>"; };
		0E19A4D31E232FA8009DAF9A /* NSNumber+ZWUtility.m */ = {isa = PBXFileReference; fileEncoding = 4; lastKnownFileType = sourcecode.c.objc; path = "NSNumber+ZWUtility.m"; sourceTree = "<group>"; };
		0E19A4D71E237D35009DAF9A /* DelegateManager+Delegate.h */ = {isa = PBXFileReference; fileEncoding = 4; lastKnownFileType = sourcecode.c.h; path = "DelegateManager+Delegate.h"; sourceTree = "<group>"; };
		0E19A4D81E237D35009DAF9A /* DelegateManager+Delegate.m */ = {isa = PBXFileReference; fileEncoding = 4; lastKnownFileType = sourcecode.c.objc; path = "DelegateManager+Delegate.m"; sourceTree = "<group>"; };
		0E19A4DA1E238161009DAF9A /* DelegateKeyHeader.h */ = {isa = PBXFileReference; lastKnownFileType = sourcecode.c.h; path = DelegateKeyHeader.h; sourceTree = "<group>"; };
		0E1F9F9A1DD2D86E00FA84EA /* NJKWebViewProgress.h */ = {isa = PBXFileReference; fileEncoding = 4; lastKnownFileType = sourcecode.c.h; path = NJKWebViewProgress.h; sourceTree = "<group>"; };
		0E1F9F9B1DD2D86E00FA84EA /* NJKWebViewProgress.m */ = {isa = PBXFileReference; fileEncoding = 4; lastKnownFileType = sourcecode.c.objc; path = NJKWebViewProgress.m; sourceTree = "<group>"; };
		0E1F9F9C1DD2D86E00FA84EA /* NJKWebViewProgressView.h */ = {isa = PBXFileReference; fileEncoding = 4; lastKnownFileType = sourcecode.c.h; path = NJKWebViewProgressView.h; sourceTree = "<group>"; };
		0E1F9F9D1DD2D86E00FA84EA /* NJKWebViewProgressView.m */ = {isa = PBXFileReference; fileEncoding = 4; lastKnownFileType = sourcecode.c.objc; path = NJKWebViewProgressView.m; sourceTree = "<group>"; };
		0E23292F1DADE07B007E9886 /* BrowserTopToolBar.h */ = {isa = PBXFileReference; fileEncoding = 4; lastKnownFileType = sourcecode.c.h; path = BrowserTopToolBar.h; sourceTree = "<group>"; };
		0E2329301DADE07B007E9886 /* BrowserTopToolBar.m */ = {isa = PBXFileReference; fileEncoding = 4; lastKnownFileType = sourcecode.c.objc; lineEnding = 0; path = BrowserTopToolBar.m; sourceTree = "<group>"; xcLanguageSpecificationIdentifier = xcode.lang.objc; };
		0E2329321DAE19BB007E9886 /* TopToolBarShapeView.h */ = {isa = PBXFileReference; fileEncoding = 4; lastKnownFileType = sourcecode.c.h; path = TopToolBarShapeView.h; sourceTree = "<group>"; };
		0E2329331DAE19BB007E9886 /* TopToolBarShapeView.m */ = {isa = PBXFileReference; fileEncoding = 4; lastKnownFileType = sourcecode.c.objc; lineEnding = 0; path = TopToolBarShapeView.m; sourceTree = "<group>"; xcLanguageSpecificationIdentifier = xcode.lang.objc; };
		0E2C539D1DAA24970077B9B4 /* BrowserContainerView.h */ = {isa = PBXFileReference; fileEncoding = 4; lastKnownFileType = sourcecode.c.h; path = BrowserContainerView.h; sourceTree = "<group>"; };
		0E2C539E1DAA24970077B9B4 /* BrowserContainerView.m */ = {isa = PBXFileReference; fileEncoding = 4; lastKnownFileType = sourcecode.c.objc; lineEnding = 0; path = BrowserContainerView.m; sourceTree = "<group>"; xcLanguageSpecificationIdentifier = xcode.lang.objc; };
		0E2C53A11DAA314C0077B9B4 /* UIView+ZWUtility.h */ = {isa = PBXFileReference; fileEncoding = 4; lastKnownFileType = sourcecode.c.h; path = "UIView+ZWUtility.h"; sourceTree = "<group>"; };
		0E2C53A21DAA314C0077B9B4 /* UIView+ZWUtility.m */ = {isa = PBXFileReference; fileEncoding = 4; lastKnownFileType = sourcecode.c.objc; path = "UIView+ZWUtility.m"; sourceTree = "<group>"; };
		0E2CC0151E0988AE0078EB91 /* UIColor+ZWUtility.h */ = {isa = PBXFileReference; fileEncoding = 4; lastKnownFileType = sourcecode.c.h; path = "UIColor+ZWUtility.h"; sourceTree = "<group>"; };
		0E2CC0161E0988AE0078EB91 /* UIColor+ZWUtility.m */ = {isa = PBXFileReference; fileEncoding = 4; lastKnownFileType = sourcecode.c.objc; path = "UIColor+ZWUtility.m"; sourceTree = "<group>"; };
		0E2E41821E55906600A23142 /* WebServer.h */ = {isa = PBXFileReference; fileEncoding = 4; lastKnownFileType = sourcecode.c.h; path = WebServer.h; sourceTree = "<group>"; };
		0E2E41831E55906600A23142 /* WebServer.m */ = {isa = PBXFileReference; fileEncoding = 4; lastKnownFileType = sourcecode.c.objc; path = WebServer.m; sourceTree = "<group>"; };
		0E2E41851E5590D300A23142 /* GCDWebServers.framework */ = {isa = PBXFileReference; lastKnownFileType = wrapper.framework; name = GCDWebServers.framework; path = Carthage/Build/iOS/GCDWebServers.framework; sourceTree = "<group>"; };
		0E32E2F91E08C69E00CFBBB5 /* CardCollectionViewCell.h */ = {isa = PBXFileReference; fileEncoding = 4; lastKnownFileType = sourcecode.c.h; path = CardCollectionViewCell.h; sourceTree = "<group>"; };
		0E32E2FA1E08C69E00CFBBB5 /* CardCollectionViewCell.m */ = {isa = PBXFileReference; fileEncoding = 4; lastKnownFileType = sourcecode.c.objc; path = CardCollectionViewCell.m; sourceTree = "<group>"; };
		0E32E2FD1E08C8F600CFBBB5 /* CardCollectionViewLayout.h */ = {isa = PBXFileReference; fileEncoding = 4; lastKnownFileType = sourcecode.c.h; path = CardCollectionViewLayout.h; sourceTree = "<group>"; };
		0E32E2FE1E08C8F600CFBBB5 /* CardCollectionViewLayout.m */ = {isa = PBXFileReference; fileEncoding = 4; lastKnownFileType = sourcecode.c.objc; path = CardCollectionViewLayout.m; sourceTree = "<group>"; };
		0E32E3051E08D4FB00CFBBB5 /* CardMainView.h */ = {isa = PBXFileReference; fileEncoding = 4; lastKnownFileType = sourcecode.c.h; path = CardMainView.h; sourceTree = "<group>"; };
		0E32E3061E08D4FB00CFBBB5 /* CardMainView.m */ = {isa = PBXFileReference; fileEncoding = 4; lastKnownFileType = sourcecode.c.objc; lineEnding = 0; path = CardMainView.m; sourceTree = "<group>"; xcLanguageSpecificationIdentifier = xcode.lang.objc; };
		0E39F9A81E14C8AA007B5681 /* SearchInputView.h */ = {isa = PBXFileReference; fileEncoding = 4; lastKnownFileType = sourcecode.c.h; path = SearchInputView.h; sourceTree = "<group>"; };
		0E39F9A91E14C8AA007B5681 /* SearchInputView.m */ = {isa = PBXFileReference; fileEncoding = 4; lastKnownFileType = sourcecode.c.objc; lineEnding = 0; path = SearchInputView.m; sourceTree = "<group>"; xcLanguageSpecificationIdentifier = xcode.lang.objc; };
		0E3A4F2E1E7A22A7006FA3F8 /* SessionRestoreHelper.h */ = {isa = PBXFileReference; fileEncoding = 4; lastKnownFileType = sourcecode.c.h; path = SessionRestoreHelper.h; sourceTree = "<group>"; };
		0E3A4F2F1E7A22A7006FA3F8 /* SessionRestoreHelper.m */ = {isa = PBXFileReference; fileEncoding = 4; lastKnownFileType = sourcecode.c.objc; path = SessionRestoreHelper.m; sourceTree = "<group>"; };
		0E3A6B711E11102C00071397 /* SettingsCollectionViewCell.h */ = {isa = PBXFileReference; fileEncoding = 4; lastKnownFileType = sourcecode.c.h; path = SettingsCollectionViewCell.h; sourceTree = "<group>"; };
		0E3A6B721E11102C00071397 /* SettingsCollectionViewCell.m */ = {isa = PBXFileReference; fileEncoding = 4; lastKnownFileType = sourcecode.c.objc; path = SettingsCollectionViewCell.m; sourceTree = "<group>"; };
		0E3D2B6F1E24836700364B69 /* NSFileManager+ZWUtility.h */ = {isa = PBXFileReference; fileEncoding = 4; lastKnownFileType = sourcecode.c.h; path = "NSFileManager+ZWUtility.h"; sourceTree = "<group>"; };
		0E3D2B701E24836700364B69 /* NSFileManager+ZWUtility.m */ = {isa = PBXFileReference; fileEncoding = 4; lastKnownFileType = sourcecode.c.objc; path = "NSFileManager+ZWUtility.m"; sourceTree = "<group>"; };
		0E3D2B721E248D5E00364B69 /* SettingsTableViewController.h */ = {isa = PBXFileReference; fileEncoding = 4; lastKnownFileType = sourcecode.c.h; path = SettingsTableViewController.h; sourceTree = "<group>"; };
		0E3D2B731E248D5E00364B69 /* SettingsTableViewController.m */ = {isa = PBXFileReference; fileEncoding = 4; lastKnownFileType = sourcecode.c.objc; path = SettingsTableViewController.m; sourceTree = "<group>"; };
		0E3D2B751E24CD3000364B69 /* UIImage+ZWUtility.h */ = {isa = PBXFileReference; fileEncoding = 4; lastKnownFileType = sourcecode.c.h; path = "UIImage+ZWUtility.h"; sourceTree = "<group>"; };
		0E3D2B761E24CD3000364B69 /* UIImage+ZWUtility.m */ = {isa = PBXFileReference; fileEncoding = 4; lastKnownFileType = sourcecode.c.objc; path = "UIImage+ZWUtility.m"; sourceTree = "<group>"; };
		0E48FAFF1DA3FD4B00B8FCDB /* BrowserWebView.h */ = {isa = PBXFileReference; fileEncoding = 4; lastKnownFileType = sourcecode.c.h; path = BrowserWebView.h; sourceTree = "<group>"; };
		0E48FB001DA3FD4B00B8FCDB /* BrowserWebView.m */ = {isa = PBXFileReference; fileEncoding = 4; lastKnownFileType = sourcecode.c.objc; path = BrowserWebView.m; sourceTree = "<group>"; };
		0E48FB031DA4058300B8FCDB /* WebViewHeader.h */ = {isa = PBXFileReference; lastKnownFileType = sourcecode.c.h; path = WebViewHeader.h; sourceTree = "<group>"; };
		0E50004F1E0B6D60004BA658 /* CardMainBottomView.h */ = {isa = PBXFileReference; fileEncoding = 4; lastKnownFileType = sourcecode.c.h; path = CardMainBottomView.h; sourceTree = "<group>"; };
		0E5000501E0B6D60004BA658 /* CardMainBottomView.m */ = {isa = PBXFileReference; fileEncoding = 4; lastKnownFileType = sourcecode.c.objc; path = CardMainBottomView.m; sourceTree = "<group>"; };
		0E512D411E6675ED008A8AFA /* CardBrowserCollectionViewLayout.h */ = {isa = PBXFileReference; fileEncoding = 4; lastKnownFileType = sourcecode.c.h; path = CardBrowserCollectionViewLayout.h; sourceTree = "<group>"; };
		0E512D421E6675ED008A8AFA /* CardBrowserCollectionViewLayout.m */ = {isa = PBXFileReference; fileEncoding = 4; lastKnownFileType = sourcecode.c.objc; path = CardBrowserCollectionViewLayout.m; sourceTree = "<group>"; };
		0E512D441E66BCA9008A8AFA /* CardBrowserFlatLayout.h */ = {isa = PBXFileReference; fileEncoding = 4; lastKnownFileType = sourcecode.c.h; path = CardBrowserFlatLayout.h; sourceTree = "<group>"; };
		0E512D451E66BCA9008A8AFA /* CardBrowserFlatLayout.m */ = {isa = PBXFileReference; fileEncoding = 4; lastKnownFileType = sourcecode.c.objc; path = CardBrowserFlatLayout.m; sourceTree = "<group>"; };
		0E5988A21E2F8070003259C0 /* SettingActivityTableViewCell.h */ = {isa = PBXFileReference; fileEncoding = 4; lastKnownFileType = sourcecode.c.h; path = SettingActivityTableViewCell.h; sourceTree = "<group>"; };
		0E5988A31E2F8070003259C0 /* SettingActivityTableViewCell.m */ = {isa = PBXFileReference; fileEncoding = 4; lastKnownFileType = sourcecode.c.objc; path = SettingActivityTableViewCell.m; sourceTree = "<group>"; };
		0E5988A41E2F8070003259C0 /* SettingActivityTableViewCell.xib */ = {isa = PBXFileReference; fileEncoding = 4; lastKnownFileType = file.xib; path = SettingActivityTableViewCell.xib; sourceTree = "<group>"; };
		0E5CC9D91E7922AE0049ABEB /* SessionRestore.html */ = {isa = PBXFileReference; fileEncoding = 4; lastKnownFileType = text.html; path = SessionRestore.html; sourceTree = "<group>"; };
		0E5CC9DC1E79305E0049ABEB /* SessionData.h */ = {isa = PBXFileReference; fileEncoding = 4; lastKnownFileType = sourcecode.c.h; path = SessionData.h; sourceTree = "<group>"; };
		0E5CC9DD1E79305E0049ABEB /* SessionData.m */ = {isa = PBXFileReference; fileEncoding = 4; lastKnownFileType = sourcecode.c.objc; path = SessionData.m; sourceTree = "<group>"; };
		0E5CC9DF1E794D880049ABEB /* WebViewHistoryItem.h */ = {isa = PBXFileReference; fileEncoding = 4; lastKnownFileType = sourcecode.c.h; path = WebViewHistoryItem.h; sourceTree = "<group>"; };
		0E5CC9E01E794D880049ABEB /* WebViewHistoryItem.m */ = {isa = PBXFileReference; fileEncoding = 4; lastKnownFileType = sourcecode.c.objc; path = WebViewHistoryItem.m; sourceTree = "<group>"; };
		0E5CC9E21E794FFD0049ABEB /* WebViewBackForwardList.h */ = {isa = PBXFileReference; fileEncoding = 4; lastKnownFileType = sourcecode.c.h; path = WebViewBackForwardList.h; sourceTree = "<group>"; };
		0E5CC9E31E794FFD0049ABEB /* WebViewBackForwardList.m */ = {isa = PBXFileReference; fileEncoding = 4; lastKnownFileType = sourcecode.c.objc; path = WebViewBackForwardList.m; sourceTree = "<group>"; };
		0E681F251D4AEC3F003534F5 /* WebBrowser.app */ = {isa = PBXFileReference; explicitFileType = wrapper.application; includeInIndex = 0; path = WebBrowser.app; sourceTree = BUILT_PRODUCTS_DIR; };
		0E681F291D4AEC3F003534F5 /* main.m */ = {isa = PBXFileReference; lastKnownFileType = sourcecode.c.objc; path = main.m; sourceTree = "<group>"; };
		0E681F2B1D4AEC3F003534F5 /* AppDelegate.h */ = {isa = PBXFileReference; lastKnownFileType = sourcecode.c.h; path = AppDelegate.h; sourceTree = "<group>"; };
		0E681F2C1D4AEC3F003534F5 /* AppDelegate.m */ = {isa = PBXFileReference; lastKnownFileType = sourcecode.c.objc; lineEnding = 0; path = AppDelegate.m; sourceTree = "<group>"; xcLanguageSpecificationIdentifier = xcode.lang.objc; };
		0E681F371D4AEC3F003534F5 /* Base */ = {isa = PBXFileReference; lastKnownFileType = file.storyboard; name = Base; path = Base.lproj/LaunchScreen.storyboard; sourceTree = "<group>"; };
		0E681F391D4AEC3F003534F5 /* Info.plist */ = {isa = PBXFileReference; lastKnownFileType = text.plist.xml; path = Info.plist; sourceTree = "<group>"; };
		0E681F3E1D4AEC3F003534F5 /* WebBrowserTests.xctest */ = {isa = PBXFileReference; explicitFileType = wrapper.cfbundle; includeInIndex = 0; path = WebBrowserTests.xctest; sourceTree = BUILT_PRODUCTS_DIR; };
		0E681F421D4AEC3F003534F5 /* WebBrowserTests.m */ = {isa = PBXFileReference; lastKnownFileType = sourcecode.c.objc; path = WebBrowserTests.m; sourceTree = "<group>"; };
		0E681F441D4AEC3F003534F5 /* Info.plist */ = {isa = PBXFileReference; lastKnownFileType = text.plist.xml; path = Info.plist; sourceTree = "<group>"; };
		0E681F491D4AEC3F003534F5 /* WebBrowserUITests.xctest */ = {isa = PBXFileReference; explicitFileType = wrapper.cfbundle; includeInIndex = 0; path = WebBrowserUITests.xctest; sourceTree = BUILT_PRODUCTS_DIR; };
		0E681F4D1D4AEC3F003534F5 /* WebBrowserUITests.m */ = {isa = PBXFileReference; lastKnownFileType = sourcecode.c.objc; path = WebBrowserUITests.m; sourceTree = "<group>"; };
		0E681F4F1D4AEC3F003534F5 /* Info.plist */ = {isa = PBXFileReference; lastKnownFileType = text.plist.xml; path = Info.plist; sourceTree = "<group>"; };
		0E681F5D1D4AF218003534F5 /* MacroMethod.h */ = {isa = PBXFileReference; lastKnownFileType = sourcecode.c.h; lineEnding = 0; path = MacroMethod.h; sourceTree = "<group>"; xcLanguageSpecificationIdentifier = xcode.lang.objcpp; };
		0E681F5F1D4AF2D5003534F5 /* WebBrowser.pch */ = {isa = PBXFileReference; lastKnownFileType = sourcecode.c.h; path = WebBrowser.pch; sourceTree = "<group>"; };
		0E681F621D4AF8DB003534F5 /* MacroConstants.h */ = {isa = PBXFileReference; lastKnownFileType = sourcecode.c.h; path = MacroConstants.h; sourceTree = "<group>"; };
		0E681F641D4AFEAA003534F5 /* KeyboardHelper.h */ = {isa = PBXFileReference; fileEncoding = 4; lastKnownFileType = sourcecode.c.h; path = KeyboardHelper.h; sourceTree = "<group>"; };
		0E681F651D4AFEAA003534F5 /* KeyboardHelper.m */ = {isa = PBXFileReference; fileEncoding = 4; lastKnownFileType = sourcecode.c.objc; path = KeyboardHelper.m; sourceTree = "<group>"; };
		0E681F671D4B34EB003534F5 /* MenuHelper.h */ = {isa = PBXFileReference; fileEncoding = 4; lastKnownFileType = sourcecode.c.h; path = MenuHelper.h; sourceTree = "<group>"; };
		0E681F681D4B34EB003534F5 /* MenuHelper.m */ = {isa = PBXFileReference; fileEncoding = 4; lastKnownFileType = sourcecode.c.objc; path = MenuHelper.m; sourceTree = "<group>"; };
		0E6A29291E83C1D1002142B1 /* NSCharacterSet+ZWUtility.h */ = {isa = PBXFileReference; fileEncoding = 4; lastKnownFileType = sourcecode.c.h; path = "NSCharacterSet+ZWUtility.h"; sourceTree = "<group>"; };
		0E6A292A1E83C1D1002142B1 /* NSCharacterSet+ZWUtility.m */ = {isa = PBXFileReference; fileEncoding = 4; lastKnownFileType = sourcecode.c.objc; path = "NSCharacterSet+ZWUtility.m"; sourceTree = "<group>"; };
		0E70784A1E18A89500A91048 /* DelegateManager.h */ = {isa = PBXFileReference; fileEncoding = 4; lastKnownFileType = sourcecode.c.h; path = DelegateManager.h; sourceTree = "<group>"; };
		0E70784B1E18A89500A91048 /* DelegateManager.m */ = {isa = PBXFileReference; fileEncoding = 4; lastKnownFileType = sourcecode.c.objc; path = DelegateManager.m; sourceTree = "<group>"; };
		0E74382F1E58885A00641889 /* NSURL+ZWUtility.h */ = {isa = PBXFileReference; fileEncoding = 4; lastKnownFileType = sourcecode.c.h; path = "NSURL+ZWUtility.h"; sourceTree = "<group>"; };
		0E7438301E58885A00641889 /* NSURL+ZWUtility.m */ = {isa = PBXFileReference; fileEncoding = 4; lastKnownFileType = sourcecode.c.objc; path = "NSURL+ZWUtility.m"; sourceTree = "<group>"; };
		0E7438321E588C3B00641889 /* ErrorPageHelper.h */ = {isa = PBXFileReference; fileEncoding = 4; lastKnownFileType = sourcecode.c.h; path = ErrorPageHelper.h; sourceTree = "<group>"; };
		0E7438331E588C3B00641889 /* ErrorPageHelper.m */ = {isa = PBXFileReference; fileEncoding = 4; lastKnownFileType = sourcecode.c.objc; path = ErrorPageHelper.m; sourceTree = "<group>"; };
		0E7795901E20F8C800CE86BE /* SearchTableViewCell.h */ = {isa = PBXFileReference; fileEncoding = 4; lastKnownFileType = sourcecode.c.h; path = SearchTableViewCell.h; sourceTree = "<group>"; };
		0E7795911E20F8C800CE86BE /* SearchTableViewCell.m */ = {isa = PBXFileReference; fileEncoding = 4; lastKnownFileType = sourcecode.c.objc; path = SearchTableViewCell.m; sourceTree = "<group>"; };
		0E7795921E20F8C800CE86BE /* SearchTableViewCell.xib */ = {isa = PBXFileReference; fileEncoding = 4; lastKnownFileType = file.xib; path = SearchTableViewCell.xib; sourceTree = "<group>"; };
		0E7795951E21042300CE86BE /* NSString+ZWUtility.h */ = {isa = PBXFileReference; fileEncoding = 4; lastKnownFileType = sourcecode.c.h; path = "NSString+ZWUtility.h"; sourceTree = "<group>"; };
		0E7795961E21042300CE86BE /* NSString+ZWUtility.m */ = {isa = PBXFileReference; fileEncoding = 4; lastKnownFileType = sourcecode.c.objc; path = "NSString+ZWUtility.m"; sourceTree = "<group>"; };
		0E829CD51E12075B008FF0A8 /* SearchViewController.h */ = {isa = PBXFileReference; fileEncoding = 4; lastKnownFileType = sourcecode.c.h; path = SearchViewController.h; sourceTree = "<group>"; };
		0E829CD61E12075B008FF0A8 /* SearchViewController.m */ = {isa = PBXFileReference; fileEncoding = 4; lastKnownFileType = sourcecode.c.objc; path = SearchViewController.m; sourceTree = "<group>"; };
		0E82A4481DAF8BCA00F13D4E /* BrowserHeader.h */ = {isa = PBXFileReference; lastKnownFileType = sourcecode.c.h; path = BrowserHeader.h; sourceTree = "<group>"; };
		0E831A0D1E87DBCD00FB3576 /* NSURLCache+ZWUtility.h */ = {isa = PBXFileReference; fileEncoding = 4; lastKnownFileType = sourcecode.c.h; path = "NSURLCache+ZWUtility.h"; sourceTree = "<group>"; };
		0E831A0E1E87DBCD00FB3576 /* NSURLCache+ZWUtility.m */ = {isa = PBXFileReference; fileEncoding = 4; lastKnownFileType = sourcecode.c.objc; path = "NSURLCache+ZWUtility.m"; sourceTree = "<group>"; };
		0E8EE82F1E11123600B6DADF /* SettingsViewController.h */ = {isa = PBXFileReference; fileEncoding = 4; lastKnownFileType = sourcecode.c.h; path = SettingsViewController.h; sourceTree = "<group>"; };
		0E8EE8301E11123600B6DADF /* SettingsViewController.m */ = {isa = PBXFileReference; fileEncoding = 4; lastKnownFileType = sourcecode.c.objc; path = SettingsViewController.m; sourceTree = "<group>"; };
		0E8EE8331E11277100B6DADF /* SettingAnimator.h */ = {isa = PBXFileReference; fileEncoding = 4; lastKnownFileType = sourcecode.c.h; path = SettingAnimator.h; sourceTree = "<group>"; };
		0E8EE8341E11277100B6DADF /* SettingAnimator.m */ = {isa = PBXFileReference; fileEncoding = 4; lastKnownFileType = sourcecode.c.objc; path = SettingAnimator.m; sourceTree = "<group>"; };
		0E9836B51E82CC9B0044BEA9 /* ContextMenu.js */ = {isa = PBXFileReference; fileEncoding = 4; lastKnownFileType = sourcecode.javascript; path = ContextMenu.js; sourceTree = "<group>"; };
		0E986A091D4CA6C10003900D /* BrowserViewController.h */ = {isa = PBXFileReference; fileEncoding = 4; lastKnownFileType = sourcecode.c.h; path = BrowserViewController.h; sourceTree = "<group>"; };
		0E986A0A1D4CA6C10003900D /* BrowserViewController.m */ = {isa = PBXFileReference; fileEncoding = 4; lastKnownFileType = sourcecode.c.objc; lineEnding = 0; path = BrowserViewController.m; sourceTree = "<group>"; xcLanguageSpecificationIdentifier = xcode.lang.objc; };
		0E986A0D1D4D06170003900D /* TabManager.h */ = {isa = PBXFileReference; fileEncoding = 4; lastKnownFileType = sourcecode.c.h; lineEnding = 0; path = TabManager.h; sourceTree = "<group>"; xcLanguageSpecificationIdentifier = xcode.lang.objcpp; };
		0E986A0E1D4D06170003900D /* TabManager.m */ = {isa = PBXFileReference; fileEncoding = 4; lastKnownFileType = sourcecode.c.objc; lineEnding = 0; path = TabManager.m; sourceTree = "<group>"; xcLanguageSpecificationIdentifier = xcode.lang.objc; };
		0EA7DEE11DB0ABD8005C592E /* BaseViewController.h */ = {isa = PBXFileReference; fileEncoding = 4; lastKnownFileType = sourcecode.c.h; path = BaseViewController.h; sourceTree = "<group>"; };
		0EA7DEE21DB0ABD8005C592E /* BaseViewController.m */ = {isa = PBXFileReference; fileEncoding = 4; lastKnownFileType = sourcecode.c.objc; path = BaseViewController.m; sourceTree = "<group>"; };
		0EAA18B81DD35D5D0072F9B3 /* WebKit.framework */ = {isa = PBXFileReference; lastKnownFileType = wrapper.framework; name = WebKit.framework; path = System/Library/Frameworks/WebKit.framework; sourceTree = SDKROOT; };
		0EB636631E5B30E8000BD2D6 /* CFNetwork.framework */ = {isa = PBXFileReference; lastKnownFileType = wrapper.framework; name = CFNetwork.framework; path = System/Library/Frameworks/CFNetwork.framework; sourceTree = SDKROOT; };
		0EBDC6231E1DDEC100B6A4DB /* SearchInputView.xib */ = {isa = PBXFileReference; fileEncoding = 4; lastKnownFileType = file.xib; path = SearchInputView.xib; sourceTree = "<group>"; };
		0EBDC6251E1DE49700B6A4DB /* CharacterSelectView.h */ = {isa = PBXFileReference; fileEncoding = 4; lastKnownFileType = sourcecode.c.h; path = CharacterSelectView.h; sourceTree = "<group>"; };
		0EBDC6261E1DE49700B6A4DB /* CharacterSelectView.m */ = {isa = PBXFileReference; fileEncoding = 4; lastKnownFileType = sourcecode.c.objc; path = CharacterSelectView.m; sourceTree = "<group>"; };
		0EBF3A631DCF33ED00CD77C8 /* CocoaLumberjack.framework */ = {isa = PBXFileReference; lastKnownFileType = wrapper.framework; name = CocoaLumberjack.framework; path = Carthage/Build/iOS/CocoaLumberjack.framework; sourceTree = "<group>"; };
		0EBF3A641DCF33ED00CD77C8 /* MBProgressHUD.framework */ = {isa = PBXFileReference; lastKnownFileType = wrapper.framework; name = MBProgressHUD.framework; path = Carthage/Build/iOS/MBProgressHUD.framework; sourceTree = "<group>"; };
		0EBF3A681DCF38D600CD77C8 /* BrowserBottomToolBar.h */ = {isa = PBXFileReference; fileEncoding = 4; lastKnownFileType = sourcecode.c.h; path = BrowserBottomToolBar.h; sourceTree = "<group>"; };
		0EBF3A691DCF38D600CD77C8 /* BrowserBottomToolBar.m */ = {isa = PBXFileReference; fileEncoding = 4; lastKnownFileType = sourcecode.c.objc; lineEnding = 0; path = BrowserBottomToolBar.m; sourceTree = "<group>"; xcLanguageSpecificationIdentifier = xcode.lang.objc; };
		0EBF3A6B1DCF715200CD77C8 /* BrowserBottomToolBarHeader.h */ = {isa = PBXFileReference; lastKnownFileType = sourcecode.c.h; path = BrowserBottomToolBarHeader.h; sourceTree = "<group>"; };
		0EBFFE711E5299A500404199 /* JavaScriptHelper.h */ = {isa = PBXFileReference; fileEncoding = 4; lastKnownFileType = sourcecode.c.h; path = JavaScriptHelper.h; sourceTree = "<group>"; };
		0EBFFE721E5299A500404199 /* JavaScriptHelper.m */ = {isa = PBXFileReference; fileEncoding = 4; lastKnownFileType = sourcecode.c.objc; path = JavaScriptHelper.m; sourceTree = "<group>"; };
		0EBFFE741E52AA7500404199 /* PreferenceHelper.h */ = {isa = PBXFileReference; fileEncoding = 4; lastKnownFileType = sourcecode.c.h; path = PreferenceHelper.h; sourceTree = "<group>"; };
		0EBFFE751E52AA7500404199 /* PreferenceHelper.m */ = {isa = PBXFileReference; fileEncoding = 4; lastKnownFileType = sourcecode.c.objc; path = PreferenceHelper.m; sourceTree = "<group>"; };
		0EBFFE771E52B22C00404199 /* SettingSwitchTableViewCell.h */ = {isa = PBXFileReference; fileEncoding = 4; lastKnownFileType = sourcecode.c.h; path = SettingSwitchTableViewCell.h; sourceTree = "<group>"; };
		0EBFFE781E52B22C00404199 /* SettingSwitchTableViewCell.m */ = {isa = PBXFileReference; fileEncoding = 4; lastKnownFileType = sourcecode.c.objc; path = SettingSwitchTableViewCell.m; sourceTree = "<group>"; };
		0EBFFE791E52B22C00404199 /* SettingSwitchTableViewCell.xib */ = {isa = PBXFileReference; fileEncoding = 4; lastKnownFileType = file.xib; path = SettingSwitchTableViewCell.xib; sourceTree = "<group>"; };
		0EC14F451E31B97900A44D05 /* FMDatabase.h */ = {isa = PBXFileReference; fileEncoding = 4; lastKnownFileType = sourcecode.c.h; path = FMDatabase.h; sourceTree = "<group>"; };
		0EC14F461E31B97900A44D05 /* FMDatabase.m */ = {isa = PBXFileReference; fileEncoding = 4; lastKnownFileType = sourcecode.c.objc; path = FMDatabase.m; sourceTree = "<group>"; };
		0EC14F471E31B97900A44D05 /* FMDatabaseAdditions.h */ = {isa = PBXFileReference; fileEncoding = 4; lastKnownFileType = sourcecode.c.h; path = FMDatabaseAdditions.h; sourceTree = "<group>"; };
		0EC14F481E31B97900A44D05 /* FMDatabaseAdditions.m */ = {isa = PBXFileReference; fileEncoding = 4; lastKnownFileType = sourcecode.c.objc; path = FMDatabaseAdditions.m; sourceTree = "<group>"; };
		0EC14F491E31B97900A44D05 /* FMDatabasePool.h */ = {isa = PBXFileReference; fileEncoding = 4; lastKnownFileType = sourcecode.c.h; path = FMDatabasePool.h; sourceTree = "<group>"; };
		0EC14F4A1E31B97900A44D05 /* FMDatabasePool.m */ = {isa = PBXFileReference; fileEncoding = 4; lastKnownFileType = sourcecode.c.objc; path = FMDatabasePool.m; sourceTree = "<group>"; };
		0EC14F4B1E31B97900A44D05 /* FMDatabaseQueue.h */ = {isa = PBXFileReference; fileEncoding = 4; lastKnownFileType = sourcecode.c.h; path = FMDatabaseQueue.h; sourceTree = "<group>"; };
		0EC14F4C1E31B97900A44D05 /* FMDatabaseQueue.m */ = {isa = PBXFileReference; fileEncoding = 4; lastKnownFileType = sourcecode.c.objc; path = FMDatabaseQueue.m; sourceTree = "<group>"; };
		0EC14F4D1E31B97900A44D05 /* FMDB.h */ = {isa = PBXFileReference; fileEncoding = 4; lastKnownFileType = sourcecode.c.h; path = FMDB.h; sourceTree = "<group>"; };
		0EC14F4E1E31B97900A44D05 /* FMResultSet.h */ = {isa = PBXFileReference; fileEncoding = 4; lastKnownFileType = sourcecode.c.h; path = FMResultSet.h; sourceTree = "<group>"; };
		0EC14F4F1E31B97900A44D05 /* FMResultSet.m */ = {isa = PBXFileReference; fileEncoding = 4; lastKnownFileType = sourcecode.c.objc; path = FMResultSet.m; sourceTree = "<group>"; };
		0EC14F551E31B9B300A44D05 /* libsqlite3.tbd */ = {isa = PBXFileReference; lastKnownFileType = "sourcecode.text-based-dylib-definition"; name = libsqlite3.tbd; path = usr/lib/libsqlite3.tbd; sourceTree = SDKROOT; };
		0EC14F591E31BB0800A44D05 /* HistoryTableViewController.h */ = {isa = PBXFileReference; fileEncoding = 4; lastKnownFileType = sourcecode.c.h; path = HistoryTableViewController.h; sourceTree = "<group>"; };
		0EC14F5A1E31BB0800A44D05 /* HistoryTableViewController.m */ = {isa = PBXFileReference; fileEncoding = 4; lastKnownFileType = sourcecode.c.objc; path = HistoryTableViewController.m; sourceTree = "<group>"; };
		0ECA02881E5AE45900955887 /* NetError.html */ = {isa = PBXFileReference; fileEncoding = 4; lastKnownFileType = text.html; path = NetError.html; sourceTree = "<group>"; };
		0ECA028B1E5AE46A00955887 /* NetError.css */ = {isa = PBXFileReference; fileEncoding = 4; lastKnownFileType = text.css; path = NetError.css; sourceTree = "<group>"; };
		0ECA029E1E5AFFF900955887 /* libz.tbd */ = {isa = PBXFileReference; lastKnownFileType = "sourcecode.text-based-dylib-definition"; name = libz.tbd; path = usr/lib/libz.tbd; sourceTree = SDKROOT; };
		0ECA02A01E5B000000955887 /* libxml2.2.tbd */ = {isa = PBXFileReference; lastKnownFileType = "sourcecode.text-based-dylib-definition"; name = libxml2.2.tbd; path = usr/lib/libxml2.2.tbd; sourceTree = SDKROOT; };
		0ED35E8A1E40B56F0060A367 /* DelegateManager+WebViewDelegate.h */ = {isa = PBXFileReference; fileEncoding = 4; lastKnownFileType = sourcecode.c.h; path = "DelegateManager+WebViewDelegate.h"; sourceTree = "<group>"; };
		0ED35E8B1E40B56F0060A367 /* DelegateManager+WebViewDelegate.m */ = {isa = PBXFileReference; fileEncoding = 4; lastKnownFileType = sourcecode.c.objc; path = "DelegateManager+WebViewDelegate.m"; sourceTree = "<group>"; };
		0EDD68E41DACFBF400265744 /* Assets.xcassets */ = {isa = PBXFileReference; lastKnownFileType = folder.assetcatalog; path = Assets.xcassets; sourceTree = "<group>"; };
		0EED282F1DC1A32100EC8581 /* ZWUtility.h */ = {isa = PBXFileReference; fileEncoding = 4; lastKnownFileType = sourcecode.c.h; path = ZWUtility.h; sourceTree = "<group>"; };
		0EED28301DC1A32100EC8581 /* ZWUtility.m */ = {isa = PBXFileReference; fileEncoding = 4; lastKnownFileType = sourcecode.c.objc; path = ZWUtility.m; sourceTree = "<group>"; };
		0EF0255E1DD951D10011019F /* HTTPErrorCode.h */ = {isa = PBXFileReference; fileEncoding = 4; lastKnownFileType = sourcecode.c.h; path = HTTPErrorCode.h; sourceTree = "<group>"; };
		0EF0255F1DD951EB0011019F /* HTTPClient.h */ = {isa = PBXFileReference; fileEncoding = 4; lastKnownFileType = sourcecode.c.h; path = HTTPClient.h; sourceTree = "<group>"; };
		0EF025601DD951EB0011019F /* HTTPClient.m */ = {isa = PBXFileReference; fileEncoding = 4; lastKnownFileType = sourcecode.c.objc; path = HTTPClient.m; sourceTree = "<group>"; };
		0EF025611DD951EB0011019F /* HTTPManager.h */ = {isa = PBXFileReference; fileEncoding = 4; lastKnownFileType = sourcecode.c.h; path = HTTPManager.h; sourceTree = "<group>"; };
		0EF025621DD951EB0011019F /* HTTPManager.m */ = {isa = PBXFileReference; fileEncoding = 4; lastKnownFileType = sourcecode.c.objc; path = HTTPManager.m; sourceTree = "<group>"; };
		0EF025631DD951EB0011019F /* HTTPURLConfiguration.h */ = {isa = PBXFileReference; fileEncoding = 4; lastKnownFileType = sourcecode.c.h; path = HTTPURLConfiguration.h; sourceTree = "<group>"; };
		0EF025641DD951EB0011019F /* HTTPURLConfiguration.m */ = {isa = PBXFileReference; fileEncoding = 4; lastKnownFileType = sourcecode.c.objc; path = HTTPURLConfiguration.m; sourceTree = "<group>"; };
		0EF025681DD9554F0011019F /* HTTPClient+SearchSug.h */ = {isa = PBXFileReference; fileEncoding = 4; lastKnownFileType = sourcecode.c.h; path = "HTTPClient+SearchSug.h"; sourceTree = "<group>"; };
		0EF025691DD9554F0011019F /* HTTPClient+SearchSug.m */ = {isa = PBXFileReference; fileEncoding = 4; lastKnownFileType = sourcecode.c.objc; path = "HTTPClient+SearchSug.m"; sourceTree = "<group>"; };
		0EF0256B1DD9578F0011019F /* AFNetworking.framework */ = {isa = PBXFileReference; lastKnownFileType = wrapper.framework; name = AFNetworking.framework; path = Carthage/Build/iOS/AFNetworking.framework; sourceTree = "<group>"; };
		0EF0256E1DD957EC0011019F /* BaseResponseModel.h */ = {isa = PBXFileReference; fileEncoding = 4; lastKnownFileType = sourcecode.c.h; path = BaseResponseModel.h; sourceTree = "<group>"; };
		0EF0256F1DD957EC0011019F /* BaseResponseModel.m */ = {isa = PBXFileReference; fileEncoding = 4; lastKnownFileType = sourcecode.c.objc; path = BaseResponseModel.m; sourceTree = "<group>"; };
		0EF025711DD95B1E0011019F /* Mantle.framework */ = {isa = PBXFileReference; lastKnownFileType = wrapper.framework; name = Mantle.framework; path = Carthage/Build/iOS/Mantle.framework; sourceTree = "<group>"; };
		0EF025731DD99FAC0011019F /* BaiduSugResponseModel.h */ = {isa = PBXFileReference; fileEncoding = 4; lastKnownFileType = sourcecode.c.h; path = BaiduSugResponseModel.h; sourceTree = "<group>"; };
		0EF025741DD99FAC0011019F /* BaiduSugResponseModel.m */ = {isa = PBXFileReference; fileEncoding = 4; lastKnownFileType = sourcecode.c.objc; path = BaiduSugResponseModel.m; sourceTree = "<group>"; };
		0EFCB9DD1E4F62A60094C466 /* NoImageModeHelper.js */ = {isa = PBXFileReference; fileEncoding = 4; lastKnownFileType = sourcecode.javascript; path = NoImageModeHelper.js; sourceTree = "<group>"; };
		0EFDD3061DD423AC002AB3FB /* HttpHelper.h */ = {isa = PBXFileReference; fileEncoding = 4; lastKnownFileType = sourcecode.c.h; path = HttpHelper.h; sourceTree = "<group>"; };
		0EFDD3071DD423AC002AB3FB /* HttpHelper.m */ = {isa = PBXFileReference; fileEncoding = 4; lastKnownFileType = sourcecode.c.objc; path = HttpHelper.m; sourceTree = "<group>"; };
		0EFDD3091DD42861002AB3FB /* AVFoundation.framework */ = {isa = PBXFileReference; lastKnownFileType = wrapper.framework; name = AVFoundation.framework; path = System/Library/Frameworks/AVFoundation.framework; sourceTree = SDKROOT; };
		0EFDD30B1DD42868002AB3FB /* AudioToolbox.framework */ = {isa = PBXFileReference; lastKnownFileType = wrapper.framework; name = AudioToolbox.framework; path = System/Library/Frameworks/AudioToolbox.framework; sourceTree = SDKROOT; };
		0EFDD30D1DD45764002AB3FB /* StoreKit.framework */ = {isa = PBXFileReference; lastKnownFileType = wrapper.framework; name = StoreKit.framework; path = System/Library/Frameworks/StoreKit.framework; sourceTree = SDKROOT; };
/* End PBXFileReference section */

/* Begin PBXFrameworksBuildPhase section */
		0E681F221D4AEC3F003534F5 /* Frameworks */ = {
			isa = PBXFrameworksBuildPhase;
			buildActionMask = 2147483647;
			files = (
				0EB636641E5B30E8000BD2D6 /* CFNetwork.framework in Frameworks */,
				0ECA02A11E5B000000955887 /* libxml2.2.tbd in Frameworks */,
				0ECA029F1E5AFFF900955887 /* libz.tbd in Frameworks */,
				0E2E41861E5590D300A23142 /* GCDWebServers.framework in Frameworks */,
				0EC14F561E31B9B300A44D05 /* libsqlite3.tbd in Frameworks */,
				0EF025721DD95B1E0011019F /* Mantle.framework in Frameworks */,
				0EF0256C1DD9578F0011019F /* AFNetworking.framework in Frameworks */,
				0EFDD30E1DD45764002AB3FB /* StoreKit.framework in Frameworks */,
				0EFDD30C1DD42868002AB3FB /* AudioToolbox.framework in Frameworks */,
				0EFDD30A1DD42861002AB3FB /* AVFoundation.framework in Frameworks */,
				0EAA18B91DD35D5D0072F9B3 /* WebKit.framework in Frameworks */,
				0EBF3A651DCF33ED00CD77C8 /* CocoaLumberjack.framework in Frameworks */,
				0EBF3A661DCF33ED00CD77C8 /* MBProgressHUD.framework in Frameworks */,
			);
			runOnlyForDeploymentPostprocessing = 0;
		};
		0E681F3B1D4AEC3F003534F5 /* Frameworks */ = {
			isa = PBXFrameworksBuildPhase;
			buildActionMask = 2147483647;
			files = (
			);
			runOnlyForDeploymentPostprocessing = 0;
		};
		0E681F461D4AEC3F003534F5 /* Frameworks */ = {
			isa = PBXFrameworksBuildPhase;
			buildActionMask = 2147483647;
			files = (
			);
			runOnlyForDeploymentPostprocessing = 0;
		};
/* End PBXFrameworksBuildPhase section */

/* Begin PBXGroup section */
		0E19A4D51E236464009DAF9A /* DelegateManager */ = {
			isa = PBXGroup;
			children = (
				0E70784A1E18A89500A91048 /* DelegateManager.h */,
				0E70784B1E18A89500A91048 /* DelegateManager.m */,
				0E19A4D71E237D35009DAF9A /* DelegateManager+Delegate.h */,
				0E19A4D81E237D35009DAF9A /* DelegateManager+Delegate.m */,
				0E19A4DA1E238161009DAF9A /* DelegateKeyHeader.h */,
			);
			name = DelegateManager;
			sourceTree = "<group>";
		};
		0E1F9F981DD2D83400FA84EA /* Vendors */ = {
			isa = PBXGroup;
			children = (
				0EC14F441E31B95A00A44D05 /* fmdb */,
				0E1F9F991DD2D84500FA84EA /* NJKWebViewProgress */,
			);
			name = Vendors;
			sourceTree = "<group>";
		};
		0E1F9F991DD2D84500FA84EA /* NJKWebViewProgress */ = {
			isa = PBXGroup;
			children = (
				0E1F9F9A1DD2D86E00FA84EA /* NJKWebViewProgress.h */,
				0E1F9F9B1DD2D86E00FA84EA /* NJKWebViewProgress.m */,
				0E1F9F9C1DD2D86E00FA84EA /* NJKWebViewProgressView.h */,
				0E1F9F9D1DD2D86E00FA84EA /* NJKWebViewProgressView.m */,
			);
			name = NJKWebViewProgress;
			sourceTree = "<group>";
		};
		0E2C539B1DAA23A40077B9B4 /* Controller */ = {
			isa = PBXGroup;
			children = (
				0E986A091D4CA6C10003900D /* BrowserViewController.h */,
				0E986A0A1D4CA6C10003900D /* BrowserViewController.m */,
			);
			name = Controller;
			sourceTree = "<group>";
		};
		0E2C539C1DAA245A0077B9B4 /* View */ = {
			isa = PBXGroup;
			children = (
				0E2C539D1DAA24970077B9B4 /* BrowserContainerView.h */,
				0E2C539E1DAA24970077B9B4 /* BrowserContainerView.m */,
				0E48FAFF1DA3FD4B00B8FCDB /* BrowserWebView.h */,
				0E48FB001DA3FD4B00B8FCDB /* BrowserWebView.m */,
			);
			name = View;
			sourceTree = "<group>";
		};
		0E2C53A01DAA31210077B9B4 /* Category */ = {
			isa = PBXGroup;
			children = (
				0E2CC0151E0988AE0078EB91 /* UIColor+ZWUtility.h */,
				0E2CC0161E0988AE0078EB91 /* UIColor+ZWUtility.m */,
				0E7795951E21042300CE86BE /* NSString+ZWUtility.h */,
				0E7795961E21042300CE86BE /* NSString+ZWUtility.m */,
				0E19A4D21E232FA8009DAF9A /* NSNumber+ZWUtility.h */,
				0E19A4D31E232FA8009DAF9A /* NSNumber+ZWUtility.m */,
				0E3D2B6F1E24836700364B69 /* NSFileManager+ZWUtility.h */,
				0E3D2B701E24836700364B69 /* NSFileManager+ZWUtility.m */,
				0E2C53A11DAA314C0077B9B4 /* UIView+ZWUtility.h */,
				0E2C53A21DAA314C0077B9B4 /* UIView+ZWUtility.m */,
				0E3D2B751E24CD3000364B69 /* UIImage+ZWUtility.h */,
				0E3D2B761E24CD3000364B69 /* UIImage+ZWUtility.m */,
				0E74382F1E58885A00641889 /* NSURL+ZWUtility.h */,
				0E7438301E58885A00641889 /* NSURL+ZWUtility.m */,
				0E6A29291E83C1D1002142B1 /* NSCharacterSet+ZWUtility.h */,
				0E6A292A1E83C1D1002142B1 /* NSCharacterSet+ZWUtility.m */,
				0E831A0D1E87DBCD00FB3576 /* NSURLCache+ZWUtility.h */,
				0E831A0E1E87DBCD00FB3576 /* NSURLCache+ZWUtility.m */,
			);
			name = Category;
			sourceTree = "<group>";
		};
		0E32E2F71E08C5DC00CFBBB5 /* MultiWindow */ = {
			isa = PBXGroup;
			children = (
				0E3D2B781E24F23D00364B69 /* Manager */,
				0E3CD34D1E093F2700BC77FC /* Model */,
				0E32E2FC1E08C8BE00CFBBB5 /* Layout */,
				0E32E2F81E08C5F900CFBBB5 /* View */,
			);
			name = MultiWindow;
			sourceTree = "<group>";
		};
		0E32E2F81E08C5F900CFBBB5 /* View */ = {
			isa = PBXGroup;
			children = (
				0E32E2F91E08C69E00CFBBB5 /* CardCollectionViewCell.h */,
				0E32E2FA1E08C69E00CFBBB5 /* CardCollectionViewCell.m */,
				0E32E3051E08D4FB00CFBBB5 /* CardMainView.h */,
				0E32E3061E08D4FB00CFBBB5 /* CardMainView.m */,
				0E50004F1E0B6D60004BA658 /* CardMainBottomView.h */,
				0E5000501E0B6D60004BA658 /* CardMainBottomView.m */,
			);
			name = View;
			sourceTree = "<group>";
		};
		0E32E2FC1E08C8BE00CFBBB5 /* Layout */ = {
			isa = PBXGroup;
			children = (
				0E32E2FD1E08C8F600CFBBB5 /* CardCollectionViewLayout.h */,
				0E32E2FE1E08C8F600CFBBB5 /* CardCollectionViewLayout.m */,
				0E512D411E6675ED008A8AFA /* CardBrowserCollectionViewLayout.h */,
				0E512D421E6675ED008A8AFA /* CardBrowserCollectionViewLayout.m */,
				0E512D441E66BCA9008A8AFA /* CardBrowserFlatLayout.h */,
				0E512D451E66BCA9008A8AFA /* CardBrowserFlatLayout.m */,
			);
			name = Layout;
			sourceTree = "<group>";
		};
		0E39F9A71E14B9D9007B5681 /* View */ = {
			isa = PBXGroup;
			children = (
				0E39F9A81E14C8AA007B5681 /* SearchInputView.h */,
				0E39F9A91E14C8AA007B5681 /* SearchInputView.m */,
				0EBDC6231E1DDEC100B6A4DB /* SearchInputView.xib */,
				0EBDC6251E1DE49700B6A4DB /* CharacterSelectView.h */,
				0EBDC6261E1DE49700B6A4DB /* CharacterSelectView.m */,
				0E7795901E20F8C800CE86BE /* SearchTableViewCell.h */,
				0E7795911E20F8C800CE86BE /* SearchTableViewCell.m */,
				0E7795921E20F8C800CE86BE /* SearchTableViewCell.xib */,
			);
			name = View;
			sourceTree = "<group>";
		};
		0E3A6B6E1E110F1C00071397 /* Setting */ = {
			isa = PBXGroup;
			children = (
				0E8EE8321E11275F00B6DADF /* Model */,
				0E3A6B701E110F6500071397 /* View */,
				0E3A6B6F1E110F5100071397 /* Controller */,
			);
			name = Setting;
			sourceTree = "<group>";
		};
		0E3A6B6F1E110F5100071397 /* Controller */ = {
			isa = PBXGroup;
			children = (
				0E8EE82F1E11123600B6DADF /* SettingsViewController.h */,
				0E8EE8301E11123600B6DADF /* SettingsViewController.m */,
				0E3D2B721E248D5E00364B69 /* SettingsTableViewController.h */,
				0E3D2B731E248D5E00364B69 /* SettingsTableViewController.m */,
			);
			name = Controller;
			sourceTree = "<group>";
		};
		0E3A6B701E110F6500071397 /* View */ = {
			isa = PBXGroup;
			children = (
				0E3A6B711E11102C00071397 /* SettingsCollectionViewCell.h */,
				0E3A6B721E11102C00071397 /* SettingsCollectionViewCell.m */,
				0E5988A21E2F8070003259C0 /* SettingActivityTableViewCell.h */,
				0E5988A31E2F8070003259C0 /* SettingActivityTableViewCell.m */,
				0E5988A41E2F8070003259C0 /* SettingActivityTableViewCell.xib */,
				0EBFFE771E52B22C00404199 /* SettingSwitchTableViewCell.h */,
				0EBFFE781E52B22C00404199 /* SettingSwitchTableViewCell.m */,
				0EBFFE791E52B22C00404199 /* SettingSwitchTableViewCell.xib */,
			);
			name = View;
			sourceTree = "<group>";
		};
		0E3C09981DAA8F7700993129 /* View */ = {
			isa = PBXGroup;
			children = (
				0E23292F1DADE07B007E9886 /* BrowserTopToolBar.h */,
				0E2329301DADE07B007E9886 /* BrowserTopToolBar.m */,
				0E2329321DAE19BB007E9886 /* TopToolBarShapeView.h */,
				0E2329331DAE19BB007E9886 /* TopToolBarShapeView.m */,
				0EBF3A681DCF38D600CD77C8 /* BrowserBottomToolBar.h */,
				0EBF3A691DCF38D600CD77C8 /* BrowserBottomToolBar.m */,
			);
			name = View;
			sourceTree = "<group>";
		};
		0E3CD34D1E093F2700BC77FC /* Model */ = {
			isa = PBXGroup;
			children = (
			);
			name = Model;
			sourceTree = "<group>";
		};
		0E3D2B781E24F23D00364B69 /* Manager */ = {
			isa = PBXGroup;
			children = (
			);
			name = Manager;
			sourceTree = "<group>";
		};
		0E48FAFE1DA3FCCB00B8FCDB /* View */ = {
			isa = PBXGroup;
			children = (
			);
			name = View;
			sourceTree = "<group>";
		};
		0E48FB021DA4055A00B8FCDB /* Header */ = {
			isa = PBXGroup;
			children = (
				0E48FB031DA4058300B8FCDB /* WebViewHeader.h */,
			);
			name = Header;
			sourceTree = "<group>";
		};
		0E5CC9DB1E79303A0049ABEB /* Model */ = {
			isa = PBXGroup;
			children = (
				0E5CC9DC1E79305E0049ABEB /* SessionData.h */,
				0E5CC9DD1E79305E0049ABEB /* SessionData.m */,
				0E5CC9DF1E794D880049ABEB /* WebViewHistoryItem.h */,
				0E5CC9E01E794D880049ABEB /* WebViewHistoryItem.m */,
				0E5CC9E21E794FFD0049ABEB /* WebViewBackForwardList.h */,
				0E5CC9E31E794FFD0049ABEB /* WebViewBackForwardList.m */,
			);
			name = Model;
			sourceTree = "<group>";
		};
		0E681F1C1D4AEC3F003534F5 = {
			isa = PBXGroup;
			children = (
				0E681F271D4AEC3F003534F5 /* WebBrowser */,
				0E681F411D4AEC3F003534F5 /* WebBrowserTests */,
				0E681F4C1D4AEC3F003534F5 /* WebBrowserUITests */,
				0E681F261D4AEC3F003534F5 /* Products */,
				0EBF3A621DCF33ED00CD77C8 /* Frameworks */,
			);
			sourceTree = "<group>";
		};
		0E681F261D4AEC3F003534F5 /* Products */ = {
			isa = PBXGroup;
			children = (
				0E681F251D4AEC3F003534F5 /* WebBrowser.app */,
				0E681F3E1D4AEC3F003534F5 /* WebBrowserTests.xctest */,
				0E681F491D4AEC3F003534F5 /* WebBrowserUITests.xctest */,
			);
			name = Products;
			sourceTree = "<group>";
		};
		0E681F271D4AEC3F003534F5 /* WebBrowser */ = {
			isa = PBXGroup;
			children = (
				0E1F9F981DD2D83400FA84EA /* Vendors */,
				0EF0255D1DD94FCF0011019F /* Network */,
				0E829CD31E12073B008FF0A8 /* Search */,
				0EC14F571E31BAD100A44D05 /* History */,
				0E3A6B6E1E110F1C00071397 /* Setting */,
				0E32E2F71E08C5DC00CFBBB5 /* MultiWindow */,
				0E986A0C1D4D06030003900D /* Tab */,
				0E986A081D4CA6890003900D /* Browser */,
				0E681F5E1D4AF2A3003534F5 /* Application */,
				0E681F5B1D4AF1A8003534F5 /* Utils */,
				0EFCB9DB1E4F62520094C466 /* Assets */,
				0E681F361D4AEC3F003534F5 /* LaunchScreen.storyboard */,
				0E681F391D4AEC3F003534F5 /* Info.plist */,
				0E681F5F1D4AF2D5003534F5 /* WebBrowser.pch */,
				0E681F281D4AEC3F003534F5 /* Supporting Files */,
			);
			path = WebBrowser;
			sourceTree = "<group>";
		};
		0E681F281D4AEC3F003534F5 /* Supporting Files */ = {
			isa = PBXGroup;
			children = (
				0E681F291D4AEC3F003534F5 /* main.m */,
			);
			name = "Supporting Files";
			sourceTree = "<group>";
		};
		0E681F411D4AEC3F003534F5 /* WebBrowserTests */ = {
			isa = PBXGroup;
			children = (
				0E681F421D4AEC3F003534F5 /* WebBrowserTests.m */,
				0E681F441D4AEC3F003534F5 /* Info.plist */,
			);
			path = WebBrowserTests;
			sourceTree = "<group>";
		};
		0E681F4C1D4AEC3F003534F5 /* WebBrowserUITests */ = {
			isa = PBXGroup;
			children = (
				0E681F4D1D4AEC3F003534F5 /* WebBrowserUITests.m */,
				0E681F4F1D4AEC3F003534F5 /* Info.plist */,
			);
			path = WebBrowserUITests;
			sourceTree = "<group>";
		};
		0E681F5B1D4AF1A8003534F5 /* Utils */ = {
			isa = PBXGroup;
			children = (
				0E7078491E18A87100A91048 /* Manager */,
				0E48FAFE1DA3FCCB00B8FCDB /* View */,
				0E48FB021DA4055A00B8FCDB /* Header */,
				0EA7DEE01DB0ABB7005C592E /* Controller */,
				0E2C53A01DAA31210077B9B4 /* Category */,
				0E681F631D4AFE93003534F5 /* Helper */,
				0E681F5C1D4AF1C8003534F5 /* Macro */,
			);
			name = Utils;
			sourceTree = "<group>";
		};
		0E681F5C1D4AF1C8003534F5 /* Macro */ = {
			isa = PBXGroup;
			children = (
				0E681F5D1D4AF218003534F5 /* MacroMethod.h */,
				0E681F621D4AF8DB003534F5 /* MacroConstants.h */,
			);
			name = Macro;
			sourceTree = "<group>";
		};
		0E681F5E1D4AF2A3003534F5 /* Application */ = {
			isa = PBXGroup;
			children = (
				0E681F2B1D4AEC3F003534F5 /* AppDelegate.h */,
				0E681F2C1D4AEC3F003534F5 /* AppDelegate.m */,
			);
			name = Application;
			sourceTree = "<group>";
		};
		0E681F631D4AFE93003534F5 /* Helper */ = {
			isa = PBXGroup;
			children = (
				0E681F641D4AFEAA003534F5 /* KeyboardHelper.h */,
				0E681F651D4AFEAA003534F5 /* KeyboardHelper.m */,
				0E681F671D4B34EB003534F5 /* MenuHelper.h */,
				0E681F681D4B34EB003534F5 /* MenuHelper.m */,
				0EED282F1DC1A32100EC8581 /* ZWUtility.h */,
				0EED28301DC1A32100EC8581 /* ZWUtility.m */,
				0EFDD3061DD423AC002AB3FB /* HttpHelper.h */,
				0EFDD3071DD423AC002AB3FB /* HttpHelper.m */,
				0EBFFE711E5299A500404199 /* JavaScriptHelper.h */,
				0EBFFE721E5299A500404199 /* JavaScriptHelper.m */,
				0EBFFE741E52AA7500404199 /* PreferenceHelper.h */,
				0EBFFE751E52AA7500404199 /* PreferenceHelper.m */,
				0E7438321E588C3B00641889 /* ErrorPageHelper.h */,
				0E7438331E588C3B00641889 /* ErrorPageHelper.m */,
				0E3A4F2E1E7A22A7006FA3F8 /* SessionRestoreHelper.h */,
				0E3A4F2F1E7A22A7006FA3F8 /* SessionRestoreHelper.m */,
			);
			name = Helper;
			sourceTree = "<group>";
		};
		0E7078491E18A87100A91048 /* Manager */ = {
			isa = PBXGroup;
			children = (
				0E19A4D51E236464009DAF9A /* DelegateManager */,
			);
			name = Manager;
			sourceTree = "<group>";
		};
		0E8059861E2D0C0D000DDA42 /* Manager */ = {
			isa = PBXGroup;
			children = (
				0E986A0D1D4D06170003900D /* TabManager.h */,
				0E986A0E1D4D06170003900D /* TabManager.m */,
				0ED35E8A1E40B56F0060A367 /* DelegateManager+WebViewDelegate.h */,
				0ED35E8B1E40B56F0060A367 /* DelegateManager+WebViewDelegate.m */,
			);
			name = Manager;
			sourceTree = "<group>";
		};
		0E829CD31E12073B008FF0A8 /* Search */ = {
			isa = PBXGroup;
			children = (
				0E39F9A71E14B9D9007B5681 /* View */,
				0E829CD41E120744008FF0A8 /* Controller */,
			);
			name = Search;
			sourceTree = "<group>";
		};
		0E829CD41E120744008FF0A8 /* Controller */ = {
			isa = PBXGroup;
			children = (
				0E829CD51E12075B008FF0A8 /* SearchViewController.h */,
				0E829CD61E12075B008FF0A8 /* SearchViewController.m */,
			);
			name = Controller;
			sourceTree = "<group>";
		};
		0E82A4471DAF8BB600F13D4E /* Header */ = {
			isa = PBXGroup;
			children = (
				0E82A4481DAF8BCA00F13D4E /* BrowserHeader.h */,
				0EBF3A6B1DCF715200CD77C8 /* BrowserBottomToolBarHeader.h */,
			);
			name = Header;
			sourceTree = "<group>";
		};
		0E8EE8321E11275F00B6DADF /* Model */ = {
			isa = PBXGroup;
			children = (
				0E8EE8331E11277100B6DADF /* SettingAnimator.h */,
				0E8EE8341E11277100B6DADF /* SettingAnimator.m */,
			);
			name = Model;
			sourceTree = "<group>";
		};
		0E986A081D4CA6890003900D /* Browser */ = {
			isa = PBXGroup;
			children = (
				0E82A4471DAF8BB600F13D4E /* Header */,
				0E3C09981DAA8F7700993129 /* View */,
				0E2C539B1DAA23A40077B9B4 /* Controller */,
			);
			name = Browser;
			sourceTree = "<group>";
		};
		0E986A0C1D4D06030003900D /* Tab */ = {
			isa = PBXGroup;
			children = (
				0E5CC9DB1E79303A0049ABEB /* Model */,
				0E8059861E2D0C0D000DDA42 /* Manager */,
				0E2C539C1DAA245A0077B9B4 /* View */,
			);
			name = Tab;
			sourceTree = "<group>";
		};
		0EA7DEE01DB0ABB7005C592E /* Controller */ = {
			isa = PBXGroup;
			children = (
				0EA7DEE11DB0ABD8005C592E /* BaseViewController.h */,
				0EA7DEE21DB0ABD8005C592E /* BaseViewController.m */,
			);
			name = Controller;
			sourceTree = "<group>";
		};
		0EBF3A621DCF33ED00CD77C8 /* Frameworks */ = {
			isa = PBXGroup;
			children = (
				0EB636631E5B30E8000BD2D6 /* CFNetwork.framework */,
				0ECA02A01E5B000000955887 /* libxml2.2.tbd */,
				0ECA029E1E5AFFF900955887 /* libz.tbd */,
				0E2E41851E5590D300A23142 /* GCDWebServers.framework */,
				0EC14F551E31B9B300A44D05 /* libsqlite3.tbd */,
				0EF025711DD95B1E0011019F /* Mantle.framework */,
				0EF0256B1DD9578F0011019F /* AFNetworking.framework */,
				0EFDD30D1DD45764002AB3FB /* StoreKit.framework */,
				0EFDD30B1DD42868002AB3FB /* AudioToolbox.framework */,
				0EFDD3091DD42861002AB3FB /* AVFoundation.framework */,
				0EAA18B81DD35D5D0072F9B3 /* WebKit.framework */,
				0EBF3A631DCF33ED00CD77C8 /* CocoaLumberjack.framework */,
				0EBF3A641DCF33ED00CD77C8 /* MBProgressHUD.framework */,
			);
			name = Frameworks;
			sourceTree = "<group>";
		};
		0EC14F441E31B95A00A44D05 /* fmdb */ = {
			isa = PBXGroup;
			children = (
				0EC14F451E31B97900A44D05 /* FMDatabase.h */,
				0EC14F461E31B97900A44D05 /* FMDatabase.m */,
				0EC14F471E31B97900A44D05 /* FMDatabaseAdditions.h */,
				0EC14F481E31B97900A44D05 /* FMDatabaseAdditions.m */,
				0EC14F491E31B97900A44D05 /* FMDatabasePool.h */,
				0EC14F4A1E31B97900A44D05 /* FMDatabasePool.m */,
				0EC14F4B1E31B97900A44D05 /* FMDatabaseQueue.h */,
				0EC14F4C1E31B97900A44D05 /* FMDatabaseQueue.m */,
				0EC14F4D1E31B97900A44D05 /* FMDB.h */,
				0EC14F4E1E31B97900A44D05 /* FMResultSet.h */,
				0EC14F4F1E31B97900A44D05 /* FMResultSet.m */,
			);
			name = fmdb;
			sourceTree = "<group>";
		};
		0EC14F571E31BAD100A44D05 /* History */ = {
			isa = PBXGroup;
			children = (
				0EC14F581E31BAE000A44D05 /* Controller */,
			);
			name = History;
			sourceTree = "<group>";
		};
		0EC14F581E31BAE000A44D05 /* Controller */ = {
			isa = PBXGroup;
			children = (
				0EC14F591E31BB0800A44D05 /* HistoryTableViewController.h */,
				0EC14F5A1E31BB0800A44D05 /* HistoryTableViewController.m */,
			);
			name = Controller;
			sourceTree = "<group>";
		};
		0ECA02871E5AE42D00955887 /* HTML */ = {
			isa = PBXGroup;
			children = (
				0ECA02881E5AE45900955887 /* NetError.html */,
				0E5CC9D91E7922AE0049ABEB /* SessionRestore.html */,
			);
			name = HTML;
			sourceTree = "<group>";
		};
		0ECA028A1E5AE45D00955887 /* CSS */ = {
			isa = PBXGroup;
			children = (
				0ECA028B1E5AE46A00955887 /* NetError.css */,
			);
			name = CSS;
			sourceTree = "<group>";
		};
		0EF0255D1DD94FCF0011019F /* Network */ = {
			isa = PBXGroup;
			children = (
				0EF0256D1DD957DD0011019F /* Models */,
				0EF0255E1DD951D10011019F /* HTTPErrorCode.h */,
				0EF0255F1DD951EB0011019F /* HTTPClient.h */,
				0EF025601DD951EB0011019F /* HTTPClient.m */,
				0EF025681DD9554F0011019F /* HTTPClient+SearchSug.h */,
				0EF025691DD9554F0011019F /* HTTPClient+SearchSug.m */,
				0EF025611DD951EB0011019F /* HTTPManager.h */,
				0EF025621DD951EB0011019F /* HTTPManager.m */,
				0EF025631DD951EB0011019F /* HTTPURLConfiguration.h */,
				0EF025641DD951EB0011019F /* HTTPURLConfiguration.m */,
				0E2E41821E55906600A23142 /* WebServer.h */,
				0E2E41831E55906600A23142 /* WebServer.m */,
			);
			name = Network;
			sourceTree = "<group>";
		};
		0EF0256D1DD957DD0011019F /* Models */ = {
			isa = PBXGroup;
			children = (
				0EF0256E1DD957EC0011019F /* BaseResponseModel.h */,
				0EF0256F1DD957EC0011019F /* BaseResponseModel.m */,
				0EF025731DD99FAC0011019F /* BaiduSugResponseModel.h */,
				0EF025741DD99FAC0011019F /* BaiduSugResponseModel.m */,
			);
			name = Models;
			sourceTree = "<group>";
		};
		0EFCB9DB1E4F62520094C466 /* Assets */ = {
			isa = PBXGroup;
			children = (
				0ECA028A1E5AE45D00955887 /* CSS */,
				0ECA02871E5AE42D00955887 /* HTML */,
				0EFCB9DC1E4F628B0094C466 /* JavaScript */,
				0EDD68E41DACFBF400265744 /* Assets.xcassets */,
			);
			name = Assets;
			sourceTree = "<group>";
		};
		0EFCB9DC1E4F628B0094C466 /* JavaScript */ = {
			isa = PBXGroup;
			children = (
				0EFCB9DD1E4F62A60094C466 /* NoImageModeHelper.js */,
				0E9836B51E82CC9B0044BEA9 /* ContextMenu.js */,
			);
			name = JavaScript;
			sourceTree = "<group>";
		};
/* End PBXGroup section */

/* Begin PBXNativeTarget section */
		0E681F241D4AEC3F003534F5 /* WebBrowser */ = {
			isa = PBXNativeTarget;
			buildConfigurationList = 0E681F521D4AEC3F003534F5 /* Build configuration list for PBXNativeTarget "WebBrowser" */;
			buildPhases = (
				0E681F211D4AEC3F003534F5 /* Sources */,
				0E681F221D4AEC3F003534F5 /* Frameworks */,
				0E681F231D4AEC3F003534F5 /* Resources */,
				0EBF3A671DCF340000CD77C8 /* ShellScript */,
			);
			buildRules = (
			);
			dependencies = (
			);
			name = WebBrowser;
			productName = WebBrowser;
			productReference = 0E681F251D4AEC3F003534F5 /* WebBrowser.app */;
			productType = "com.apple.product-type.application";
		};
		0E681F3D1D4AEC3F003534F5 /* WebBrowserTests */ = {
			isa = PBXNativeTarget;
			buildConfigurationList = 0E681F551D4AEC3F003534F5 /* Build configuration list for PBXNativeTarget "WebBrowserTests" */;
			buildPhases = (
				0E681F3A1D4AEC3F003534F5 /* Sources */,
				0E681F3B1D4AEC3F003534F5 /* Frameworks */,
				0E681F3C1D4AEC3F003534F5 /* Resources */,
			);
			buildRules = (
			);
			dependencies = (
				0E681F401D4AEC3F003534F5 /* PBXTargetDependency */,
			);
			name = WebBrowserTests;
			productName = WebBrowserTests;
			productReference = 0E681F3E1D4AEC3F003534F5 /* WebBrowserTests.xctest */;
			productType = "com.apple.product-type.bundle.unit-test";
		};
		0E681F481D4AEC3F003534F5 /* WebBrowserUITests */ = {
			isa = PBXNativeTarget;
			buildConfigurationList = 0E681F581D4AEC3F003534F5 /* Build configuration list for PBXNativeTarget "WebBrowserUITests" */;
			buildPhases = (
				0E681F451D4AEC3F003534F5 /* Sources */,
				0E681F461D4AEC3F003534F5 /* Frameworks */,
				0E681F471D4AEC3F003534F5 /* Resources */,
			);
			buildRules = (
			);
			dependencies = (
				0E681F4B1D4AEC3F003534F5 /* PBXTargetDependency */,
			);
			name = WebBrowserUITests;
			productName = WebBrowserUITests;
			productReference = 0E681F491D4AEC3F003534F5 /* WebBrowserUITests.xctest */;
			productType = "com.apple.product-type.bundle.ui-testing";
		};
/* End PBXNativeTarget section */

/* Begin PBXProject section */
		0E681F1D1D4AEC3F003534F5 /* Project object */ = {
			isa = PBXProject;
			attributes = {
				LastUpgradeCheck = 0800;
				ORGANIZATIONNAME = "钟武";
				TargetAttributes = {
					0E681F241D4AEC3F003534F5 = {
						CreatedOnToolsVersion = 7.3.1;
						DevelopmentTeam = P6LCGC9VU2;
						ProvisioningStyle = Automatic;
					};
					0E681F3D1D4AEC3F003534F5 = {
						CreatedOnToolsVersion = 7.3.1;
						TestTargetID = 0E681F241D4AEC3F003534F5;
					};
					0E681F481D4AEC3F003534F5 = {
						CreatedOnToolsVersion = 7.3.1;
						TestTargetID = 0E681F241D4AEC3F003534F5;
					};
				};
			};
			buildConfigurationList = 0E681F201D4AEC3F003534F5 /* Build configuration list for PBXProject "WebBrowser" */;
			compatibilityVersion = "Xcode 3.2";
			developmentRegion = English;
			hasScannedForEncodings = 0;
			knownRegions = (
				en,
				Base,
			);
			mainGroup = 0E681F1C1D4AEC3F003534F5;
			productRefGroup = 0E681F261D4AEC3F003534F5 /* Products */;
			projectDirPath = "";
			projectRoot = "";
			targets = (
				0E681F241D4AEC3F003534F5 /* WebBrowser */,
				0E681F3D1D4AEC3F003534F5 /* WebBrowserTests */,
				0E681F481D4AEC3F003534F5 /* WebBrowserUITests */,
			);
		};
/* End PBXProject section */

/* Begin PBXResourcesBuildPhase section */
		0E681F231D4AEC3F003534F5 /* Resources */ = {
			isa = PBXResourcesBuildPhase;
			buildActionMask = 2147483647;
			files = (
				0ECA028C1E5AE46A00955887 /* NetError.css in Resources */,
				0EDD68E51DACFBF400265744 /* Assets.xcassets in Resources */,
				0ECA02891E5AE45900955887 /* NetError.html in Resources */,
				0E7795941E20F8C900CE86BE /* SearchTableViewCell.xib in Resources */,
				0E5CC9DA1E7922AE0049ABEB /* SessionRestore.html in Resources */,
				0EFCB9DE1E4F62A60094C466 /* NoImageModeHelper.js in Resources */,
				0EBDC6241E1DDEC100B6A4DB /* SearchInputView.xib in Resources */,
				0E681F381D4AEC3F003534F5 /* LaunchScreen.storyboard in Resources */,
				0E5988A61E2F8070003259C0 /* SettingActivityTableViewCell.xib in Resources */,
				0EBFFE7B1E52B22C00404199 /* SettingSwitchTableViewCell.xib in Resources */,
				0E9836B61E82CC9B0044BEA9 /* ContextMenu.js in Resources */,
			);
			runOnlyForDeploymentPostprocessing = 0;
		};
		0E681F3C1D4AEC3F003534F5 /* Resources */ = {
			isa = PBXResourcesBuildPhase;
			buildActionMask = 2147483647;
			files = (
			);
			runOnlyForDeploymentPostprocessing = 0;
		};
		0E681F471D4AEC3F003534F5 /* Resources */ = {
			isa = PBXResourcesBuildPhase;
			buildActionMask = 2147483647;
			files = (
			);
			runOnlyForDeploymentPostprocessing = 0;
		};
/* End PBXResourcesBuildPhase section */

/* Begin PBXShellScriptBuildPhase section */
		0EBF3A671DCF340000CD77C8 /* ShellScript */ = {
			isa = PBXShellScriptBuildPhase;
			buildActionMask = 2147483647;
			files = (
			);
			inputPaths = (
				"$(SRCROOT)/Carthage/Build/iOS/CocoaLumberjack.framework",
				"$(SRCROOT)/Carthage/Build/iOS/MBProgressHUD.framework",
				"$(SRCROOT)/Carthage/Build/iOS/AFNetworking.framework",
				"$(SRCROOT)/Carthage/Build/iOS/GCDWebServers.framework",
				"$(SRCROOT)/Carthage/Build/iOS/Mantle.framework",
				"$(SRCROOT)/Carthage/Build/iOS/SDWebImage.framework",
			);
			outputPaths = (
			);
			runOnlyForDeploymentPostprocessing = 0;
			shellPath = /bin/sh;
			shellScript = "/usr/local/bin/carthage copy-frameworks";
		};
/* End PBXShellScriptBuildPhase section */

/* Begin PBXSourcesBuildPhase section */
		0E681F211D4AEC3F003534F5 /* Sources */ = {
			isa = PBXSourcesBuildPhase;
			buildActionMask = 2147483647;
			files = (
				0E7438311E58885A00641889 /* NSURL+ZWUtility.m in Sources */,
				0E3D2B711E24836700364B69 /* NSFileManager+ZWUtility.m in Sources */,
				0EF025671DD951EB0011019F /* HTTPURLConfiguration.m in Sources */,
				0EC14F5B1E31BB0800A44D05 /* HistoryTableViewController.m in Sources */,
				0E986A0F1D4D06170003900D /* TabManager.m in Sources */,
				0EC14F521E31B97900A44D05 /* FMDatabasePool.m in Sources */,
				0ED35E8C1E40B56F0060A367 /* DelegateManager+WebViewDelegate.m in Sources */,
				0EBFFE7A1E52B22C00404199 /* SettingSwitchTableViewCell.m in Sources */,
				0E5CC9E41E794FFD0049ABEB /* WebViewBackForwardList.m in Sources */,
				0EBF3A6A1DCF38D600CD77C8 /* BrowserBottomToolBar.m in Sources */,
				0EF025651DD951EB0011019F /* HTTPClient.m in Sources */,
				0EC14F541E31B97900A44D05 /* FMResultSet.m in Sources */,
				0E32E2FB1E08C69E00CFBBB5 /* CardCollectionViewCell.m in Sources */,
				0E2E41841E55906600A23142 /* WebServer.m in Sources */,
				0E7795931E20F8C800CE86BE /* SearchTableViewCell.m in Sources */,
				0EA7DEE31DB0ABD8005C592E /* BaseViewController.m in Sources */,
				0E829CD71E12075B008FF0A8 /* SearchViewController.m in Sources */,
				0E2C539F1DAA24970077B9B4 /* BrowserContainerView.m in Sources */,
				0EC14F531E31B97900A44D05 /* FMDatabaseQueue.m in Sources */,
				0E681F661D4AFEAA003534F5 /* KeyboardHelper.m in Sources */,
				0E3A6B731E11102C00071397 /* SettingsCollectionViewCell.m in Sources */,
				0EF025701DD957EC0011019F /* BaseResponseModel.m in Sources */,
				0E5CC9E11E794D890049ABEB /* WebViewHistoryItem.m in Sources */,
				0E2C53A31DAA314C0077B9B4 /* UIView+ZWUtility.m in Sources */,
				0EC14F511E31B97900A44D05 /* FMDatabaseAdditions.m in Sources */,
				0EED28311DC1A32100EC8581 /* ZWUtility.m in Sources */,
				0E32E3071E08D4FB00CFBBB5 /* CardMainView.m in Sources */,
				0E19A4D91E237D35009DAF9A /* DelegateManager+Delegate.m in Sources */,
				0E6A292B1E83C1D1002142B1 /* NSCharacterSet+ZWUtility.m in Sources */,
				0EBDC6271E1DE49700B6A4DB /* CharacterSelectView.m in Sources */,
				0E7438341E588C3B00641889 /* ErrorPageHelper.m in Sources */,
				0EBFFE761E52AA7500404199 /* PreferenceHelper.m in Sources */,
				0EF025751DD99FAC0011019F /* BaiduSugResponseModel.m in Sources */,
				0E2329311DADE07B007E9886 /* BrowserTopToolBar.m in Sources */,
				0E2329341DAE19BB007E9886 /* TopToolBarShapeView.m in Sources */,
				0E5988A51E2F8070003259C0 /* SettingActivityTableViewCell.m in Sources */,
				0E512D461E66BCA9008A8AFA /* CardBrowserFlatLayout.m in Sources */,
				0E681F2D1D4AEC3F003534F5 /* AppDelegate.m in Sources */,
				0E8EE8351E11277100B6DADF /* SettingAnimator.m in Sources */,
				0E1F9F9E1DD2D86E00FA84EA /* NJKWebViewProgress.m in Sources */,
				0E3D2B741E248D5E00364B69 /* SettingsTableViewController.m in Sources */,
				0E831A0F1E87DBCD00FB3576 /* NSURLCache+ZWUtility.m in Sources */,
				0E32E2FF1E08C8F600CFBBB5 /* CardCollectionViewLayout.m in Sources */,
				0E5CC9DE1E79305E0049ABEB /* SessionData.m in Sources */,
				0E5000511E0B6D60004BA658 /* CardMainBottomView.m in Sources */,
				0E48FB011DA3FD4B00B8FCDB /* BrowserWebView.m in Sources */,
				0E19A4D41E232FA8009DAF9A /* NSNumber+ZWUtility.m in Sources */,
				0EF0256A1DD9554F0011019F /* HTTPClient+SearchSug.m in Sources */,
				0EBFFE731E5299A500404199 /* JavaScriptHelper.m in Sources */,
				0EC14F501E31B97900A44D05 /* FMDatabase.m in Sources */,
				0E512D431E6675ED008A8AFA /* CardBrowserCollectionViewLayout.m in Sources */,
				0E681F691D4B34EB003534F5 /* MenuHelper.m in Sources */,
				0E3D2B771E24CD3000364B69 /* UIImage+ZWUtility.m in Sources */,
				0E681F2A1D4AEC3F003534F5 /* main.m in Sources */,
				0E70784C1E18A89500A91048 /* DelegateManager.m in Sources */,
				0EF025661DD951EB0011019F /* HTTPManager.m in Sources */,
				0E986A0B1D4CA6C10003900D /* BrowserViewController.m in Sources */,
				0EFDD3081DD423AC002AB3FB /* HttpHelper.m in Sources */,
				0E7795971E21042300CE86BE /* NSString+ZWUtility.m in Sources */,
				0E3A4F301E7A22A7006FA3F8 /* SessionRestoreHelper.m in Sources */,
				0E39F9AA1E14C8AA007B5681 /* SearchInputView.m in Sources */,
				0E8EE8311E11123600B6DADF /* SettingsViewController.m in Sources */,
				0E1F9F9F1DD2D86E00FA84EA /* NJKWebViewProgressView.m in Sources */,
				0E2CC0171E0988AE0078EB91 /* UIColor+ZWUtility.m in Sources */,
			);
			runOnlyForDeploymentPostprocessing = 0;
		};
		0E681F3A1D4AEC3F003534F5 /* Sources */ = {
			isa = PBXSourcesBuildPhase;
			buildActionMask = 2147483647;
			files = (
				0E681F431D4AEC3F003534F5 /* WebBrowserTests.m in Sources */,
			);
			runOnlyForDeploymentPostprocessing = 0;
		};
		0E681F451D4AEC3F003534F5 /* Sources */ = {
			isa = PBXSourcesBuildPhase;
			buildActionMask = 2147483647;
			files = (
				0E681F4E1D4AEC3F003534F5 /* WebBrowserUITests.m in Sources */,
			);
			runOnlyForDeploymentPostprocessing = 0;
		};
/* End PBXSourcesBuildPhase section */

/* Begin PBXTargetDependency section */
		0E681F401D4AEC3F003534F5 /* PBXTargetDependency */ = {
			isa = PBXTargetDependency;
			target = 0E681F241D4AEC3F003534F5 /* WebBrowser */;
			targetProxy = 0E681F3F1D4AEC3F003534F5 /* PBXContainerItemProxy */;
		};
		0E681F4B1D4AEC3F003534F5 /* PBXTargetDependency */ = {
			isa = PBXTargetDependency;
			target = 0E681F241D4AEC3F003534F5 /* WebBrowser */;
			targetProxy = 0E681F4A1D4AEC3F003534F5 /* PBXContainerItemProxy */;
		};
/* End PBXTargetDependency section */

/* Begin PBXVariantGroup section */
		0E681F361D4AEC3F003534F5 /* LaunchScreen.storyboard */ = {
			isa = PBXVariantGroup;
			children = (
				0E681F371D4AEC3F003534F5 /* Base */,
			);
			name = LaunchScreen.storyboard;
			sourceTree = "<group>";
		};
/* End PBXVariantGroup section */

/* Begin XCBuildConfiguration section */
		0E681F501D4AEC3F003534F5 /* Debug */ = {
			isa = XCBuildConfiguration;
			buildSettings = {
				ALWAYS_SEARCH_USER_PATHS = NO;
				CLANG_ANALYZER_NONNULL = YES;
				CLANG_CXX_LANGUAGE_STANDARD = "gnu++0x";
				CLANG_CXX_LIBRARY = "libc++";
				CLANG_ENABLE_MODULES = YES;
				CLANG_ENABLE_OBJC_ARC = YES;
				CLANG_WARN_BOOL_CONVERSION = YES;
				CLANG_WARN_CONSTANT_CONVERSION = YES;
				CLANG_WARN_DIRECT_OBJC_ISA_USAGE = YES_ERROR;
				CLANG_WARN_EMPTY_BODY = YES;
				CLANG_WARN_ENUM_CONVERSION = YES;
				CLANG_WARN_INFINITE_RECURSION = YES;
				CLANG_WARN_INT_CONVERSION = YES;
				CLANG_WARN_OBJC_ROOT_CLASS = YES_ERROR;
				CLANG_WARN_SUSPICIOUS_MOVE = YES;
				CLANG_WARN_UNREACHABLE_CODE = YES;
				CLANG_WARN__DUPLICATE_METHOD_MATCH = YES;
				"CODE_SIGN_IDENTITY[sdk=iphoneos*]" = "iPhone Developer";
				COPY_PHASE_STRIP = NO;
				DEBUG_INFORMATION_FORMAT = dwarf;
				ENABLE_STRICT_OBJC_MSGSEND = YES;
				ENABLE_TESTABILITY = YES;
				GCC_C_LANGUAGE_STANDARD = gnu99;
				GCC_DYNAMIC_NO_PIC = NO;
				GCC_NO_COMMON_BLOCKS = YES;
				GCC_OPTIMIZATION_LEVEL = 0;
				GCC_PREPROCESSOR_DEFINITIONS = (
					"DEBUG=1",
					"$(inherited)",
				);
				GCC_WARN_64_TO_32_BIT_CONVERSION = YES;
				GCC_WARN_ABOUT_RETURN_TYPE = YES_ERROR;
				GCC_WARN_UNDECLARED_SELECTOR = YES;
				GCC_WARN_UNINITIALIZED_AUTOS = YES_AGGRESSIVE;
				GCC_WARN_UNUSED_FUNCTION = YES;
				GCC_WARN_UNUSED_VARIABLE = YES;
				IPHONEOS_DEPLOYMENT_TARGET = 9.3;
				MTL_ENABLE_DEBUG_INFO = YES;
				ONLY_ACTIVE_ARCH = YES;
				SDKROOT = iphoneos;
			};
			name = Debug;
		};
		0E681F511D4AEC3F003534F5 /* Release */ = {
			isa = XCBuildConfiguration;
			buildSettings = {
				ALWAYS_SEARCH_USER_PATHS = NO;
				CLANG_ANALYZER_NONNULL = YES;
				CLANG_CXX_LANGUAGE_STANDARD = "gnu++0x";
				CLANG_CXX_LIBRARY = "libc++";
				CLANG_ENABLE_MODULES = YES;
				CLANG_ENABLE_OBJC_ARC = YES;
				CLANG_WARN_BOOL_CONVERSION = YES;
				CLANG_WARN_CONSTANT_CONVERSION = YES;
				CLANG_WARN_DIRECT_OBJC_ISA_USAGE = YES_ERROR;
				CLANG_WARN_EMPTY_BODY = YES;
				CLANG_WARN_ENUM_CONVERSION = YES;
				CLANG_WARN_INFINITE_RECURSION = YES;
				CLANG_WARN_INT_CONVERSION = YES;
				CLANG_WARN_OBJC_ROOT_CLASS = YES_ERROR;
				CLANG_WARN_SUSPICIOUS_MOVE = YES;
				CLANG_WARN_UNREACHABLE_CODE = YES;
				CLANG_WARN__DUPLICATE_METHOD_MATCH = YES;
				"CODE_SIGN_IDENTITY[sdk=iphoneos*]" = "iPhone Developer";
				COPY_PHASE_STRIP = NO;
				DEBUG_INFORMATION_FORMAT = "dwarf-with-dsym";
				ENABLE_NS_ASSERTIONS = NO;
				ENABLE_STRICT_OBJC_MSGSEND = YES;
				GCC_C_LANGUAGE_STANDARD = gnu99;
				GCC_NO_COMMON_BLOCKS = YES;
				GCC_WARN_64_TO_32_BIT_CONVERSION = YES;
				GCC_WARN_ABOUT_RETURN_TYPE = YES_ERROR;
				GCC_WARN_UNDECLARED_SELECTOR = YES;
				GCC_WARN_UNINITIALIZED_AUTOS = YES_AGGRESSIVE;
				GCC_WARN_UNUSED_FUNCTION = YES;
				GCC_WARN_UNUSED_VARIABLE = YES;
				IPHONEOS_DEPLOYMENT_TARGET = 9.3;
				MTL_ENABLE_DEBUG_INFO = NO;
				SDKROOT = iphoneos;
				VALIDATE_PRODUCT = YES;
			};
			name = Release;
		};
		0E681F531D4AEC3F003534F5 /* Debug */ = {
			isa = XCBuildConfiguration;
			buildSettings = {
				ASSETCATALOG_COMPILER_APPICON_NAME = AppIcon;
				CODE_SIGN_IDENTITY = "iPhone Developer";
				"CODE_SIGN_IDENTITY[sdk=iphoneos*]" = "iPhone Developer";
				DEVELOPMENT_TEAM = P6LCGC9VU2;
				FRAMEWORK_SEARCH_PATHS = (
					"$(inherited)",
					"$(PROJECT_DIR)/Carthage/Build/iOS",
				);
				GCC_PRECOMPILE_PREFIX_HEADER = YES;
				GCC_PREFIX_HEADER = WebBrowser/WebBrowser.pch;
				INFOPLIST_FILE = WebBrowser/Info.plist;
				IPHONEOS_DEPLOYMENT_TARGET = 8.0;
				LD_RUNPATH_SEARCH_PATHS = "$(inherited) @executable_path/Frameworks";
				PRODUCT_BUNDLE_IDENTIFIER = cn.zhongwu.WebBrowser;
				PRODUCT_NAME = "$(TARGET_NAME)";
			};
			name = Debug;
		};
		0E681F541D4AEC3F003534F5 /* Release */ = {
			isa = XCBuildConfiguration;
			buildSettings = {
				ASSETCATALOG_COMPILER_APPICON_NAME = AppIcon;
				CODE_SIGN_IDENTITY = "iPhone Developer";
				"CODE_SIGN_IDENTITY[sdk=iphoneos*]" = "iPhone Developer";
				DEVELOPMENT_TEAM = P6LCGC9VU2;
				FRAMEWORK_SEARCH_PATHS = (
					"$(inherited)",
					"$(PROJECT_DIR)/Carthage/Build/iOS",
				);
				GCC_PRECOMPILE_PREFIX_HEADER = YES;
				GCC_PREFIX_HEADER = WebBrowser/WebBrowser.pch;
				INFOPLIST_FILE = WebBrowser/Info.plist;
				IPHONEOS_DEPLOYMENT_TARGET = 8.0;
				LD_RUNPATH_SEARCH_PATHS = "$(inherited) @executable_path/Frameworks";
				PRODUCT_BUNDLE_IDENTIFIER = cn.zhongwu.WebBrowser;
				PRODUCT_NAME = "$(TARGET_NAME)";
			};
			name = Release;
		};
		0E681F561D4AEC3F003534F5 /* Debug */ = {
			isa = XCBuildConfiguration;
			buildSettings = {
				BUNDLE_LOADER = "$(TEST_HOST)";
				INFOPLIST_FILE = WebBrowserTests/Info.plist;
				LD_RUNPATH_SEARCH_PATHS = "$(inherited) @executable_path/Frameworks @loader_path/Frameworks";
				PRODUCT_BUNDLE_IDENTIFIER = zhongwu.WebBrowserTests;
				PRODUCT_NAME = "$(TARGET_NAME)";
				TEST_HOST = "$(BUILT_PRODUCTS_DIR)/WebBrowser.app/WebBrowser";
			};
			name = Debug;
		};
		0E681F571D4AEC3F003534F5 /* Release */ = {
			isa = XCBuildConfiguration;
			buildSettings = {
				BUNDLE_LOADER = "$(TEST_HOST)";
				INFOPLIST_FILE = WebBrowserTests/Info.plist;
				LD_RUNPATH_SEARCH_PATHS = "$(inherited) @executable_path/Frameworks @loader_path/Frameworks";
				PRODUCT_BUNDLE_IDENTIFIER = zhongwu.WebBrowserTests;
				PRODUCT_NAME = "$(TARGET_NAME)";
				TEST_HOST = "$(BUILT_PRODUCTS_DIR)/WebBrowser.app/WebBrowser";
			};
			name = Release;
		};
		0E681F591D4AEC3F003534F5 /* Debug */ = {
			isa = XCBuildConfiguration;
			buildSettings = {
				INFOPLIST_FILE = WebBrowserUITests/Info.plist;
				LD_RUNPATH_SEARCH_PATHS = "$(inherited) @executable_path/Frameworks @loader_path/Frameworks";
				PRODUCT_BUNDLE_IDENTIFIER = zhongwu.WebBrowserUITests;
				PRODUCT_NAME = "$(TARGET_NAME)";
				TEST_TARGET_NAME = WebBrowser;
			};
			name = Debug;
		};
		0E681F5A1D4AEC3F003534F5 /* Release */ = {
			isa = XCBuildConfiguration;
			buildSettings = {
				INFOPLIST_FILE = WebBrowserUITests/Info.plist;
				LD_RUNPATH_SEARCH_PATHS = "$(inherited) @executable_path/Frameworks @loader_path/Frameworks";
				PRODUCT_BUNDLE_IDENTIFIER = zhongwu.WebBrowserUITests;
				PRODUCT_NAME = "$(TARGET_NAME)";
				TEST_TARGET_NAME = WebBrowser;
			};
			name = Release;
		};
/* End XCBuildConfiguration section */

/* Begin XCConfigurationList section */
		0E681F201D4AEC3F003534F5 /* Build configuration list for PBXProject "WebBrowser" */ = {
			isa = XCConfigurationList;
			buildConfigurations = (
				0E681F501D4AEC3F003534F5 /* Debug */,
				0E681F511D4AEC3F003534F5 /* Release */,
			);
			defaultConfigurationIsVisible = 0;
			defaultConfigurationName = Release;
		};
		0E681F521D4AEC3F003534F5 /* Build configuration list for PBXNativeTarget "WebBrowser" */ = {
			isa = XCConfigurationList;
			buildConfigurations = (
				0E681F531D4AEC3F003534F5 /* Debug */,
				0E681F541D4AEC3F003534F5 /* Release */,
			);
			defaultConfigurationIsVisible = 0;
			defaultConfigurationName = Release;
		};
		0E681F551D4AEC3F003534F5 /* Build configuration list for PBXNativeTarget "WebBrowserTests" */ = {
			isa = XCConfigurationList;
			buildConfigurations = (
				0E681F561D4AEC3F003534F5 /* Debug */,
				0E681F571D4AEC3F003534F5 /* Release */,
			);
			defaultConfigurationIsVisible = 0;
			defaultConfigurationName = Release;
		};
		0E681F581D4AEC3F003534F5 /* Build configuration list for PBXNativeTarget "WebBrowserUITests" */ = {
			isa = XCConfigurationList;
			buildConfigurations = (
				0E681F591D4AEC3F003534F5 /* Debug */,
				0E681F5A1D4AEC3F003534F5 /* Release */,
			);
			defaultConfigurationIsVisible = 0;
			defaultConfigurationName = Release;
		};
/* End XCConfigurationList section */
	};
	rootObject = 0E681F1D1D4AEC3F003534F5 /* Project object */;
}
